// !$*UTF8*$!
{
	archiveVersion = 1;
	classes = {
	};
	objectVersion = 56;
	objects = {

/* Begin PBXBuildFile section */
		7D3435CE2A5F0C6B00D11708 /* DriveAttributes.swift in Sources */ = {isa = PBXBuildFile; fileRef = 7D3435CC2A5F0C6B00D11708 /* DriveAttributes.swift */; };
		7D3435D22A5F15D800D11708 /* LiveActivityModel.swift in Sources */ = {isa = PBXBuildFile; fileRef = 7D3435D12A5F15D800D11708 /* LiveActivityModel.swift */; };
		7DB9AE8E2A6768260099F54A /* Color+Extension.swift in Sources */ = {isa = PBXBuildFile; fileRef = 7DB9AE8C2A6768260099F54A /* Color+Extension.swift */; };
		7DB9AEA62A6C2B150099F54A /* AfterFourWarningsView.swift in Sources */ = {isa = PBXBuildFile; fileRef = 7DB9AEA52A6C2B150099F54A /* AfterFourWarningsView.swift */; };
		7DB9AEA82A6C2B320099F54A /* CircularProgressView.swift in Sources */ = {isa = PBXBuildFile; fileRef = 7DB9AEA72A6C2B320099F54A /* CircularProgressView.swift */; };
		7DB9AEAA2A6C2B4B0099F54A /* LinearProgressView.swift in Sources */ = {isa = PBXBuildFile; fileRef = 7DB9AEA92A6C2B4B0099F54A /* LinearProgressView.swift */; };
		7DB9AEAC2A6C2B620099F54A /* NormalDrivingView.swift in Sources */ = {isa = PBXBuildFile; fileRef = 7DB9AEAB2A6C2B620099F54A /* NormalDrivingView.swift */; };
		7DB9AEAE2A6C2B7D0099F54A /* SuddenAccelerationView.swift in Sources */ = {isa = PBXBuildFile; fileRef = 7DB9AEAD2A6C2B7D0099F54A /* SuddenAccelerationView.swift */; };
		7DB9AEB02A6C2B920099F54A /* SuddenStopView.swift in Sources */ = {isa = PBXBuildFile; fileRef = 7DB9AEAF2A6C2B920099F54A /* SuddenStopView.swift */; };
		7DB9AEB12A6D13E90099F54A /* UIScreen+Extensions.swift in Sources */ = {isa = PBXBuildFile; fileRef = BE125CBD2A663AD600B7C3FB /* UIScreen+Extensions.swift */; };
		AD1D49972A66F02500C485FA /* UserDefaults+Extension.swift in Sources */ = {isa = PBXBuildFile; fileRef = AD1D49962A66F02500C485FA /* UserDefaults+Extension.swift */; };
		AD1D49D62A67CC1600C485FA /* LocationsHandler.swift in Sources */ = {isa = PBXBuildFile; fileRef = AD1D49D52A67CC1600C485FA /* LocationsHandler.swift */; };
		AD1D49D72A67CC9100C485FA /* DriveAttributes.swift in Sources */ = {isa = PBXBuildFile; fileRef = 7D3435CC2A5F0C6B00D11708 /* DriveAttributes.swift */; };
		AD1D49D92A67D22F00C485FA /* ChartView.swift in Sources */ = {isa = PBXBuildFile; fileRef = AD1D49D82A67D22F00C485FA /* ChartView.swift */; };
		AD1D49DB2A67D89000C485FA /* ResultAnalysisView.swift in Sources */ = {isa = PBXBuildFile; fileRef = AD1D49DA2A67D89000C485FA /* ResultAnalysisView.swift */; };
		AD1D49DC2A67D93100C485FA /* Color+Extension.swift in Sources */ = {isa = PBXBuildFile; fileRef = 7DB9AE8C2A6768260099F54A /* Color+Extension.swift */; };
		AD1D49DE2A67E2D000C485FA /* Text+Extension.swift in Sources */ = {isa = PBXBuildFile; fileRef = AD1D49DD2A67E2D000C485FA /* Text+Extension.swift */; };
		AD1D49E02A684EF900C485FA /* NavigationUtil.swift in Sources */ = {isa = PBXBuildFile; fileRef = AD1D49DF2A684EF900C485FA /* NavigationUtil.swift */; };
		AD448A8C2A66AB1900585590 /* Bundle+Extension.swift in Sources */ = {isa = PBXBuildFile; fileRef = AD448A8B2A66AB1900585590 /* Bundle+Extension.swift */; };
		AD4EC2732A6F6534008A711B /* Onboarding.swift in Sources */ = {isa = PBXBuildFile; fileRef = AD4EC2722A6F6534008A711B /* Onboarding.swift */; };
		AD742F602A5CF61F00AD6226 /* DrivePalApp.swift in Sources */ = {isa = PBXBuildFile; fileRef = AD742F5F2A5CF61F00AD6226 /* DrivePalApp.swift */; };
		AD742F622A5CF61F00AD6226 /* ContentView.swift in Sources */ = {isa = PBXBuildFile; fileRef = AD742F612A5CF61F00AD6226 /* ContentView.swift */; };
		AD742F642A5CF62100AD6226 /* Assets.xcassets in Resources */ = {isa = PBXBuildFile; fileRef = AD742F632A5CF62100AD6226 /* Assets.xcassets */; };
		AD742F672A5CF62100AD6226 /* Preview Assets.xcassets in Resources */ = {isa = PBXBuildFile; fileRef = AD742F662A5CF62100AD6226 /* Preview Assets.xcassets */; };
		AD742F6F2A5CF7EE00AD6226 /* .swiftlint.yml in Resources */ = {isa = PBXBuildFile; fileRef = AD742F6E2A5CF7EE00AD6226 /* .swiftlint.yml */; };
		AD742F772A5CFF1800AD6226 /* WidgetKit.framework in Frameworks */ = {isa = PBXBuildFile; fileRef = AD742F762A5CFF1800AD6226 /* WidgetKit.framework */; };
		AD742F792A5CFF1800AD6226 /* SwiftUI.framework in Frameworks */ = {isa = PBXBuildFile; fileRef = AD742F782A5CFF1800AD6226 /* SwiftUI.framework */; };
		AD742F7C2A5CFF1800AD6226 /* DrivePalWidgetExtensionBundle.swift in Sources */ = {isa = PBXBuildFile; fileRef = AD742F7B2A5CFF1800AD6226 /* DrivePalWidgetExtensionBundle.swift */; };
		AD742F7E2A5CFF1800AD6226 /* DrivePalWidgetExtensionLiveActivity.swift in Sources */ = {isa = PBXBuildFile; fileRef = AD742F7D2A5CFF1800AD6226 /* DrivePalWidgetExtensionLiveActivity.swift */; };
		AD742F802A5CFF1800AD6226 /* DrivePalWidgetExtension.swift in Sources */ = {isa = PBXBuildFile; fileRef = AD742F7F2A5CFF1800AD6226 /* DrivePalWidgetExtension.swift */; };
		AD742F832A5CFF1A00AD6226 /* Assets.xcassets in Resources */ = {isa = PBXBuildFile; fileRef = AD742F822A5CFF1A00AD6226 /* Assets.xcassets */; };
		AD742F852A5CFF1A00AD6226 /* DrivePalWidgetExtension.intentdefinition in Sources */ = {isa = PBXBuildFile; fileRef = AD742F812A5CFF1800AD6226 /* DrivePalWidgetExtension.intentdefinition */; };
		AD742F862A5CFF1A00AD6226 /* DrivePalWidgetExtension.intentdefinition in Sources */ = {isa = PBXBuildFile; fileRef = AD742F812A5CFF1800AD6226 /* DrivePalWidgetExtension.intentdefinition */; };
		AD742F892A5CFF1A00AD6226 /* DrivePalWidgetExtension.appex in Embed Foundation Extensions */ = {isa = PBXBuildFile; fileRef = AD742F742A5CFF1800AD6226 /* DrivePalWidgetExtension.appex */; settings = {ATTRIBUTES = (RemoveHeadersOnCopy, ); }; };
		ADC991292A65093B00422D32 /* DriveSimulator.swift in Sources */ = {isa = PBXBuildFile; fileRef = ADC991282A65093B00422D32 /* DriveSimulator.swift */; };
		ADC9912C2A65096D00422D32 /* DriveSimulatorDelegate.swift in Sources */ = {isa = PBXBuildFile; fileRef = ADC9912B2A65096D00422D32 /* DriveSimulatorDelegate.swift */; };
		ADC9912D2A65096D00422D32 /* DriveSimulatorDelegate.swift in Sources */ = {isa = PBXBuildFile; fileRef = ADC9912B2A65096D00422D32 /* DriveSimulatorDelegate.swift */; };
		ADCBEBAD2A5F266900DDC27D /* DrivingPalView.swift in Sources */ = {isa = PBXBuildFile; fileRef = ADCBEBAC2A5F266900DDC27D /* DrivingPalView.swift */; };
		ADCBEBB32A5F3BBB00DDC27D /* Shake.swift in Sources */ = {isa = PBXBuildFile; fileRef = ADCBEBB22A5F3BBB00DDC27D /* Shake.swift */; };
		ADF027D72A5D91A2005B7B89 /* BackgroundScene.swift in Sources */ = {isa = PBXBuildFile; fileRef = ADF027D62A5D91A2005B7B89 /* BackgroundScene.swift */; };
		BE125CBC2A662AE900B7C3FB /* VelocityView.swift in Sources */ = {isa = PBXBuildFile; fileRef = BE125CBB2A662AE900B7C3FB /* VelocityView.swift */; };
		BE125CBE2A663AD600B7C3FB /* UIScreen+Extensions.swift in Sources */ = {isa = PBXBuildFile; fileRef = BE125CBD2A663AD600B7C3FB /* UIScreen+Extensions.swift */; };
		BE129AF52A6F52CA006561DD /* PlaneView.swift in Sources */ = {isa = PBXBuildFile; fileRef = BE129AF42A6F52CA006561DD /* PlaneView.swift */; };
		BEB018582A70B49100C34A16 /* MotionHandler.swift in Sources */ = {isa = PBXBuildFile; fileRef = BEB018572A70B49100C34A16 /* MotionHandler.swift */; };
/* End PBXBuildFile section */

/* Begin PBXContainerItemProxy section */
		AD742F872A5CFF1A00AD6226 /* PBXContainerItemProxy */ = {
			isa = PBXContainerItemProxy;
			containerPortal = AD742F542A5CF61F00AD6226 /* Project object */;
			proxyType = 1;
			remoteGlobalIDString = AD742F732A5CFF1800AD6226;
			remoteInfo = DrivePalWidgetExtensionExtension;
		};
/* End PBXContainerItemProxy section */

/* Begin PBXCopyFilesBuildPhase section */
		AD742F8A2A5CFF1A00AD6226 /* Embed Foundation Extensions */ = {
			isa = PBXCopyFilesBuildPhase;
			buildActionMask = 2147483647;
			dstPath = "";
			dstSubfolderSpec = 13;
			files = (
				AD742F892A5CFF1A00AD6226 /* DrivePalWidgetExtension.appex in Embed Foundation Extensions */,
			);
			name = "Embed Foundation Extensions";
			runOnlyForDeploymentPostprocessing = 0;
		};
/* End PBXCopyFilesBuildPhase section */

/* Begin PBXFileReference section */
		7D3435CC2A5F0C6B00D11708 /* DriveAttributes.swift */ = {isa = PBXFileReference; lastKnownFileType = sourcecode.swift; path = DriveAttributes.swift; sourceTree = "<group>"; };
		7D3435D12A5F15D800D11708 /* LiveActivityModel.swift */ = {isa = PBXFileReference; lastKnownFileType = sourcecode.swift; path = LiveActivityModel.swift; sourceTree = "<group>"; };
		7DB9AE8C2A6768260099F54A /* Color+Extension.swift */ = {isa = PBXFileReference; lastKnownFileType = sourcecode.swift; path = "Color+Extension.swift"; sourceTree = "<group>"; };
		7DB9AEA52A6C2B150099F54A /* AfterFourWarningsView.swift */ = {isa = PBXFileReference; lastKnownFileType = sourcecode.swift; path = AfterFourWarningsView.swift; sourceTree = "<group>"; };
		7DB9AEA72A6C2B320099F54A /* CircularProgressView.swift */ = {isa = PBXFileReference; lastKnownFileType = sourcecode.swift; path = CircularProgressView.swift; sourceTree = "<group>"; };
		7DB9AEA92A6C2B4B0099F54A /* LinearProgressView.swift */ = {isa = PBXFileReference; lastKnownFileType = sourcecode.swift; path = LinearProgressView.swift; sourceTree = "<group>"; };
		7DB9AEAB2A6C2B620099F54A /* NormalDrivingView.swift */ = {isa = PBXFileReference; lastKnownFileType = sourcecode.swift; path = NormalDrivingView.swift; sourceTree = "<group>"; };
		7DB9AEAD2A6C2B7D0099F54A /* SuddenAccelerationView.swift */ = {isa = PBXFileReference; lastKnownFileType = sourcecode.swift; path = SuddenAccelerationView.swift; sourceTree = "<group>"; };
		7DB9AEAF2A6C2B920099F54A /* SuddenStopView.swift */ = {isa = PBXFileReference; lastKnownFileType = sourcecode.swift; path = SuddenStopView.swift; sourceTree = "<group>"; };
		AD1D49962A66F02500C485FA /* UserDefaults+Extension.swift */ = {isa = PBXFileReference; fileEncoding = 4; lastKnownFileType = sourcecode.swift; path = "UserDefaults+Extension.swift"; sourceTree = "<group>"; };
		AD1D49D52A67CC1600C485FA /* LocationsHandler.swift */ = {isa = PBXFileReference; fileEncoding = 4; lastKnownFileType = sourcecode.swift; path = LocationsHandler.swift; sourceTree = "<group>"; };
		AD1D49D82A67D22F00C485FA /* ChartView.swift */ = {isa = PBXFileReference; lastKnownFileType = sourcecode.swift; path = ChartView.swift; sourceTree = "<group>"; };
		AD1D49DA2A67D89000C485FA /* ResultAnalysisView.swift */ = {isa = PBXFileReference; lastKnownFileType = sourcecode.swift; path = ResultAnalysisView.swift; sourceTree = "<group>"; };
		AD1D49DD2A67E2D000C485FA /* Text+Extension.swift */ = {isa = PBXFileReference; lastKnownFileType = sourcecode.swift; path = "Text+Extension.swift"; sourceTree = "<group>"; };
		AD1D49DF2A684EF900C485FA /* NavigationUtil.swift */ = {isa = PBXFileReference; lastKnownFileType = sourcecode.swift; path = NavigationUtil.swift; sourceTree = "<group>"; };
		AD448A8B2A66AB1900585590 /* Bundle+Extension.swift */ = {isa = PBXFileReference; lastKnownFileType = sourcecode.swift; path = "Bundle+Extension.swift"; sourceTree = "<group>"; };
		AD4EC2722A6F6534008A711B /* Onboarding.swift */ = {isa = PBXFileReference; lastKnownFileType = sourcecode.swift; path = Onboarding.swift; sourceTree = "<group>"; };
		AD742F5C2A5CF61F00AD6226 /* DrivePal.app */ = {isa = PBXFileReference; explicitFileType = wrapper.application; includeInIndex = 0; path = DrivePal.app; sourceTree = BUILT_PRODUCTS_DIR; };
		AD742F5F2A5CF61F00AD6226 /* DrivePalApp.swift */ = {isa = PBXFileReference; lastKnownFileType = sourcecode.swift; path = DrivePalApp.swift; sourceTree = "<group>"; };
		AD742F612A5CF61F00AD6226 /* ContentView.swift */ = {isa = PBXFileReference; lastKnownFileType = sourcecode.swift; path = ContentView.swift; sourceTree = "<group>"; };
		AD742F632A5CF62100AD6226 /* Assets.xcassets */ = {isa = PBXFileReference; lastKnownFileType = folder.assetcatalog; path = Assets.xcassets; sourceTree = "<group>"; };
		AD742F662A5CF62100AD6226 /* Preview Assets.xcassets */ = {isa = PBXFileReference; lastKnownFileType = folder.assetcatalog; path = "Preview Assets.xcassets"; sourceTree = "<group>"; };
		AD742F6E2A5CF7EE00AD6226 /* .swiftlint.yml */ = {isa = PBXFileReference; lastKnownFileType = text.yaml; path = .swiftlint.yml; sourceTree = "<group>"; };
		AD742F742A5CFF1800AD6226 /* DrivePalWidgetExtension.appex */ = {isa = PBXFileReference; explicitFileType = "wrapper.app-extension"; includeInIndex = 0; path = DrivePalWidgetExtension.appex; sourceTree = BUILT_PRODUCTS_DIR; };
		AD742F762A5CFF1800AD6226 /* WidgetKit.framework */ = {isa = PBXFileReference; lastKnownFileType = wrapper.framework; name = WidgetKit.framework; path = System/Library/Frameworks/WidgetKit.framework; sourceTree = SDKROOT; };
		AD742F782A5CFF1800AD6226 /* SwiftUI.framework */ = {isa = PBXFileReference; lastKnownFileType = wrapper.framework; name = SwiftUI.framework; path = System/Library/Frameworks/SwiftUI.framework; sourceTree = SDKROOT; };
		AD742F7B2A5CFF1800AD6226 /* DrivePalWidgetExtensionBundle.swift */ = {isa = PBXFileReference; lastKnownFileType = sourcecode.swift; path = DrivePalWidgetExtensionBundle.swift; sourceTree = "<group>"; };
		AD742F7D2A5CFF1800AD6226 /* DrivePalWidgetExtensionLiveActivity.swift */ = {isa = PBXFileReference; lastKnownFileType = sourcecode.swift; path = DrivePalWidgetExtensionLiveActivity.swift; sourceTree = "<group>"; };
		AD742F7F2A5CFF1800AD6226 /* DrivePalWidgetExtension.swift */ = {isa = PBXFileReference; lastKnownFileType = sourcecode.swift; path = DrivePalWidgetExtension.swift; sourceTree = "<group>"; };
		AD742F812A5CFF1800AD6226 /* DrivePalWidgetExtension.intentdefinition */ = {isa = PBXFileReference; lastKnownFileType = file.intentdefinition; path = DrivePalWidgetExtension.intentdefinition; sourceTree = "<group>"; };
		AD742F822A5CFF1A00AD6226 /* Assets.xcassets */ = {isa = PBXFileReference; lastKnownFileType = folder.assetcatalog; path = Assets.xcassets; sourceTree = "<group>"; };
		AD742F842A5CFF1A00AD6226 /* Info.plist */ = {isa = PBXFileReference; lastKnownFileType = text.plist.xml; path = Info.plist; sourceTree = "<group>"; };
		ADC991282A65093B00422D32 /* DriveSimulator.swift */ = {isa = PBXFileReference; lastKnownFileType = sourcecode.swift; path = DriveSimulator.swift; sourceTree = "<group>"; };
		ADC9912B2A65096D00422D32 /* DriveSimulatorDelegate.swift */ = {isa = PBXFileReference; lastKnownFileType = sourcecode.swift; path = DriveSimulatorDelegate.swift; sourceTree = "<group>"; };
		ADCBEBAC2A5F266900DDC27D /* DrivingPalView.swift */ = {isa = PBXFileReference; lastKnownFileType = sourcecode.swift; path = DrivingPalView.swift; sourceTree = "<group>"; };
		ADCBEBB22A5F3BBB00DDC27D /* Shake.swift */ = {isa = PBXFileReference; lastKnownFileType = sourcecode.swift; path = Shake.swift; sourceTree = "<group>"; };
		ADF027D62A5D91A2005B7B89 /* BackgroundScene.swift */ = {isa = PBXFileReference; lastKnownFileType = sourcecode.swift; path = BackgroundScene.swift; sourceTree = "<group>"; };
		BE125CBB2A662AE900B7C3FB /* VelocityView.swift */ = {isa = PBXFileReference; lastKnownFileType = sourcecode.swift; path = VelocityView.swift; sourceTree = "<group>"; };
		BE125CBD2A663AD600B7C3FB /* UIScreen+Extensions.swift */ = {isa = PBXFileReference; lastKnownFileType = sourcecode.swift; path = "UIScreen+Extensions.swift"; sourceTree = "<group>"; };
		BE129AF42A6F52CA006561DD /* PlaneView.swift */ = {isa = PBXFileReference; lastKnownFileType = sourcecode.swift; path = PlaneView.swift; sourceTree = "<group>"; };
		BE3BC2202A5E347D00CF60ED /* DrivePal.entitlements */ = {isa = PBXFileReference; fileEncoding = 4; lastKnownFileType = text.plist.entitlements; path = DrivePal.entitlements; sourceTree = "<group>"; };
		BE9294472A6172A100368B78 /* Info.plist */ = {isa = PBXFileReference; lastKnownFileType = text.plist; path = Info.plist; sourceTree = "<group>"; };
		BE9294482A61731400368B78 /* DrivePalWidgetExtension.entitlements */ = {isa = PBXFileReference; lastKnownFileType = text.plist.entitlements; path = DrivePalWidgetExtension.entitlements; sourceTree = "<group>"; };
		BEB018572A70B49100C34A16 /* MotionHandler.swift */ = {isa = PBXFileReference; lastKnownFileType = sourcecode.swift; path = MotionHandler.swift; sourceTree = "<group>"; };
/* End PBXFileReference section */

/* Begin PBXFrameworksBuildPhase section */
		AD742F592A5CF61F00AD6226 /* Frameworks */ = {
			isa = PBXFrameworksBuildPhase;
			buildActionMask = 2147483647;
			files = (
			);
			runOnlyForDeploymentPostprocessing = 0;
		};
		AD742F712A5CFF1800AD6226 /* Frameworks */ = {
			isa = PBXFrameworksBuildPhase;
			buildActionMask = 2147483647;
			files = (
				AD742F792A5CFF1800AD6226 /* SwiftUI.framework in Frameworks */,
				AD742F772A5CFF1800AD6226 /* WidgetKit.framework in Frameworks */,
			);
			runOnlyForDeploymentPostprocessing = 0;
		};
/* End PBXFrameworksBuildPhase section */

/* Begin PBXGroup section */
		7DB9AEA42A6C2A540099F54A /* View */ = {
			isa = PBXGroup;
			children = (
				7DB9AEA52A6C2B150099F54A /* AfterFourWarningsView.swift */,
				7DB9AEA72A6C2B320099F54A /* CircularProgressView.swift */,
				7DB9AEA92A6C2B4B0099F54A /* LinearProgressView.swift */,
				7DB9AEAB2A6C2B620099F54A /* NormalDrivingView.swift */,
				7DB9AEAD2A6C2B7D0099F54A /* SuddenAccelerationView.swift */,
				7DB9AEAF2A6C2B920099F54A /* SuddenStopView.swift */,
			);
			path = View;
			sourceTree = "<group>";
		};
		AD03717B2A628C2D00D3E051 /* Utils */ = {
			isa = PBXGroup;
			children = (
				AD03717C2A628C3400D3E051 /* Extensions */,
				AD1D49DF2A684EF900C485FA /* NavigationUtil.swift */,
			);
			path = Utils;
			sourceTree = "<group>";
		};
		AD03717C2A628C3400D3E051 /* Extensions */ = {
			isa = PBXGroup;
			children = (
				7DB9AE8C2A6768260099F54A /* Color+Extension.swift */,
				AD448A8B2A66AB1900585590 /* Bundle+Extension.swift */,
				AD1D49962A66F02500C485FA /* UserDefaults+Extension.swift */,
				AD1D49DD2A67E2D000C485FA /* Text+Extension.swift */,
			);
			path = Extensions;
			sourceTree = "<group>";
		};
		AD718E4B2A651DF500BEF5C0 /* Model */ = {
			isa = PBXGroup;
			children = (
				BEB018562A70B48700C34A16 /* Motion */,
				AD718E4D2A651E3C00BEF5C0 /* Location */,
				AD718E4C2A651E2300BEF5C0 /* LiveActivity */,
			);
			path = Model;
			sourceTree = "<group>";
		};
		AD718E4C2A651E2300BEF5C0 /* LiveActivity */ = {
			isa = PBXGroup;
			children = (
				7D3435CC2A5F0C6B00D11708 /* DriveAttributes.swift */,
				7D3435D12A5F15D800D11708 /* LiveActivityModel.swift */,
				ADC991282A65093B00422D32 /* DriveSimulator.swift */,
				ADC9912B2A65096D00422D32 /* DriveSimulatorDelegate.swift */,
			);
			path = LiveActivity;
			sourceTree = "<group>";
		};
		AD718E4D2A651E3C00BEF5C0 /* Location */ = {
			isa = PBXGroup;
			children = (
				AD1D49D52A67CC1600C485FA /* LocationsHandler.swift */,
			);
			path = Location;
			sourceTree = "<group>";
		};
		AD742F532A5CF61F00AD6226 = {
			isa = PBXGroup;
			children = (
				AD742F6E2A5CF7EE00AD6226 /* .swiftlint.yml */,
				AD742F5E2A5CF61F00AD6226 /* DrivePal */,
				AD742F7A2A5CFF1800AD6226 /* DrivePalWidgetExtension */,
				AD742F752A5CFF1800AD6226 /* Frameworks */,
				AD742F5D2A5CF61F00AD6226 /* Products */,
			);
			sourceTree = "<group>";
		};
		AD742F5D2A5CF61F00AD6226 /* Products */ = {
			isa = PBXGroup;
			children = (
				AD742F5C2A5CF61F00AD6226 /* DrivePal.app */,
				AD742F742A5CFF1800AD6226 /* DrivePalWidgetExtension.appex */,
			);
			name = Products;
			sourceTree = "<group>";
		};
		AD742F5E2A5CF61F00AD6226 /* DrivePal */ = {
			isa = PBXGroup;
			children = (
				AD718E4B2A651DF500BEF5C0 /* Model */,
				AD03717B2A628C2D00D3E051 /* Utils */,
				BE9294472A6172A100368B78 /* Info.plist */,
				ADF027D22A5D9171005B7B89 /* View */,
				AD742F5F2A5CF61F00AD6226 /* DrivePalApp.swift */,
				BE3BC2202A5E347D00CF60ED /* DrivePal.entitlements */,
				BE125CBD2A663AD600B7C3FB /* UIScreen+Extensions.swift */,
				AD742F612A5CF61F00AD6226 /* ContentView.swift */,
				AD742F632A5CF62100AD6226 /* Assets.xcassets */,
				AD742F652A5CF62100AD6226 /* Preview Content */,
			);
			path = DrivePal;
			sourceTree = "<group>";
		};
		AD742F652A5CF62100AD6226 /* Preview Content */ = {
			isa = PBXGroup;
			children = (
				AD742F662A5CF62100AD6226 /* Preview Assets.xcassets */,
			);
			path = "Preview Content";
			sourceTree = "<group>";
		};
		AD742F752A5CFF1800AD6226 /* Frameworks */ = {
			isa = PBXGroup;
			children = (
				AD742F762A5CFF1800AD6226 /* WidgetKit.framework */,
				AD742F782A5CFF1800AD6226 /* SwiftUI.framework */,
			);
			name = Frameworks;
			sourceTree = "<group>";
		};
		AD742F7A2A5CFF1800AD6226 /* DrivePalWidgetExtension */ = {
			isa = PBXGroup;
			children = (
				7DB9AEA42A6C2A540099F54A /* View */,
				BE9294482A61731400368B78 /* DrivePalWidgetExtension.entitlements */,
				AD742F7B2A5CFF1800AD6226 /* DrivePalWidgetExtensionBundle.swift */,
				AD742F7D2A5CFF1800AD6226 /* DrivePalWidgetExtensionLiveActivity.swift */,
				AD742F7F2A5CFF1800AD6226 /* DrivePalWidgetExtension.swift */,
				AD742F812A5CFF1800AD6226 /* DrivePalWidgetExtension.intentdefinition */,
				AD742F822A5CFF1A00AD6226 /* Assets.xcassets */,
				AD742F842A5CFF1A00AD6226 /* Info.plist */,
			);
			path = DrivePalWidgetExtension;
			sourceTree = "<group>";
		};
		ADF027D22A5D9171005B7B89 /* View */ = {
			isa = PBXGroup;
			children = (
				ADF027D32A5D9179005B7B89 /* Scene */,
				ADCBEBAC2A5F266900DDC27D /* DrivingPalView.swift */,
				AD4EC2722A6F6534008A711B /* Onboarding.swift */,
				BE125CBB2A662AE900B7C3FB /* VelocityView.swift */,
				BE129AF42A6F52CA006561DD /* PlaneView.swift */,
				ADCBEBB22A5F3BBB00DDC27D /* Shake.swift */,
				AD1D49D82A67D22F00C485FA /* ChartView.swift */,
				AD1D49DA2A67D89000C485FA /* ResultAnalysisView.swift */,
			);
			path = View;
			sourceTree = "<group>";
		};
		ADF027D32A5D9179005B7B89 /* Scene */ = {
			isa = PBXGroup;
			children = (
				ADF027D62A5D91A2005B7B89 /* BackgroundScene.swift */,
			);
			path = Scene;
			sourceTree = "<group>";
		};
		BEB018562A70B48700C34A16 /* Motion */ = {
			isa = PBXGroup;
			children = (
				BEB018572A70B49100C34A16 /* MotionHandler.swift */,
			);
			path = Motion;
			sourceTree = "<group>";
		};
/* End PBXGroup section */

/* Begin PBXNativeTarget section */
		AD742F5B2A5CF61F00AD6226 /* DrivePal */ = {
			isa = PBXNativeTarget;
			buildConfigurationList = AD742F6A2A5CF62100AD6226 /* Build configuration list for PBXNativeTarget "DrivePal" */;
			buildPhases = (
				AD742F6D2A5CF6B500AD6226 /* Swift Script */,
				AD742F582A5CF61F00AD6226 /* Sources */,
				AD742F592A5CF61F00AD6226 /* Frameworks */,
				AD742F5A2A5CF61F00AD6226 /* Resources */,
				AD742F8A2A5CFF1A00AD6226 /* Embed Foundation Extensions */,
			);
			buildRules = (
			);
			dependencies = (
				AD742F882A5CFF1A00AD6226 /* PBXTargetDependency */,
			);
			name = DrivePal;
			productName = DrivePal;
			productReference = AD742F5C2A5CF61F00AD6226 /* DrivePal.app */;
			productType = "com.apple.product-type.application";
		};
		AD742F732A5CFF1800AD6226 /* DrivePalWidgetExtension */ = {
			isa = PBXNativeTarget;
			buildConfigurationList = AD742F8D2A5CFF1A00AD6226 /* Build configuration list for PBXNativeTarget "DrivePalWidgetExtension" */;
			buildPhases = (
				AD742F702A5CFF1800AD6226 /* Sources */,
				AD742F712A5CFF1800AD6226 /* Frameworks */,
				AD742F722A5CFF1800AD6226 /* Resources */,
			);
			buildRules = (
			);
			dependencies = (
			);
			name = DrivePalWidgetExtension;
			productName = DrivePalWidgetExtensionExtension;
			productReference = AD742F742A5CFF1800AD6226 /* DrivePalWidgetExtension.appex */;
			productType = "com.apple.product-type.app-extension";
		};
/* End PBXNativeTarget section */

/* Begin PBXProject section */
		AD742F542A5CF61F00AD6226 /* Project object */ = {
			isa = PBXProject;
			attributes = {
				BuildIndependentTargetsInParallel = 1;
				LastSwiftUpdateCheck = 1420;
				LastUpgradeCheck = 1420;
				TargetAttributes = {
					AD742F5B2A5CF61F00AD6226 = {
						CreatedOnToolsVersion = 14.2;
					};
					AD742F732A5CFF1800AD6226 = {
						CreatedOnToolsVersion = 14.2;
					};
				};
			};
			buildConfigurationList = AD742F572A5CF61F00AD6226 /* Build configuration list for PBXProject "DrivePal" */;
			compatibilityVersion = "Xcode 14.0";
			developmentRegion = en;
			hasScannedForEncodings = 0;
			knownRegions = (
				en,
				Base,
			);
			mainGroup = AD742F532A5CF61F00AD6226;
			productRefGroup = AD742F5D2A5CF61F00AD6226 /* Products */;
			projectDirPath = "";
			projectRoot = "";
			targets = (
				AD742F5B2A5CF61F00AD6226 /* DrivePal */,
				AD742F732A5CFF1800AD6226 /* DrivePalWidgetExtension */,
			);
		};
/* End PBXProject section */

/* Begin PBXResourcesBuildPhase section */
		AD742F5A2A5CF61F00AD6226 /* Resources */ = {
			isa = PBXResourcesBuildPhase;
			buildActionMask = 2147483647;
			files = (
				AD742F6F2A5CF7EE00AD6226 /* .swiftlint.yml in Resources */,
				AD742F672A5CF62100AD6226 /* Preview Assets.xcassets in Resources */,
				AD742F642A5CF62100AD6226 /* Assets.xcassets in Resources */,
			);
			runOnlyForDeploymentPostprocessing = 0;
		};
		AD742F722A5CFF1800AD6226 /* Resources */ = {
			isa = PBXResourcesBuildPhase;
			buildActionMask = 2147483647;
			files = (
				AD742F832A5CFF1A00AD6226 /* Assets.xcassets in Resources */,
			);
			runOnlyForDeploymentPostprocessing = 0;
		};
/* End PBXResourcesBuildPhase section */

/* Begin PBXShellScriptBuildPhase section */
		AD742F6D2A5CF6B500AD6226 /* Swift Script */ = {
			isa = PBXShellScriptBuildPhase;
			alwaysOutOfDate = 1;
			buildActionMask = 2147483647;
			files = (
			);
			inputFileListPaths = (
			);
			inputPaths = (
			);
			name = "Swift Script";
			outputFileListPaths = (
			);
			outputPaths = (
			);
			runOnlyForDeploymentPostprocessing = 0;
			shellPath = /bin/sh;
			shellScript = "if test -d \"/opt/homebrew/bin/\"; then\n  PATH=\"/opt/homebrew/bin/:${PATH}\"\nfi\n\nexport PATH\n\nif which swiftlint >/dev/null; then\n  swiftlint\nelse\n  echo \"warning: SwiftLint not installed, download from https://github.com/realm/SwiftLint\"\nfi\n";
		};
/* End PBXShellScriptBuildPhase section */

/* Begin PBXSourcesBuildPhase section */
		AD742F582A5CF61F00AD6226 /* Sources */ = {
			isa = PBXSourcesBuildPhase;
			buildActionMask = 2147483647;
			files = (
				AD1D49D62A67CC1600C485FA /* LocationsHandler.swift in Sources */,
				AD1D49DC2A67D93100C485FA /* Color+Extension.swift in Sources */,
				AD1D49D72A67CC9100C485FA /* DriveAttributes.swift in Sources */,
				AD4EC2732A6F6534008A711B /* Onboarding.swift in Sources */,
				AD742F622A5CF61F00AD6226 /* ContentView.swift in Sources */,
				BE125CBE2A663AD600B7C3FB /* UIScreen+Extensions.swift in Sources */,
				AD1D49DB2A67D89000C485FA /* ResultAnalysisView.swift in Sources */,
				AD742F602A5CF61F00AD6226 /* DrivePalApp.swift in Sources */,
				BE125CBC2A662AE900B7C3FB /* VelocityView.swift in Sources */,
				AD1D49DE2A67E2D000C485FA /* Text+Extension.swift in Sources */,
				AD1D49972A66F02500C485FA /* UserDefaults+Extension.swift in Sources */,
				AD1D49D92A67D22F00C485FA /* ChartView.swift in Sources */,
				AD448A8C2A66AB1900585590 /* Bundle+Extension.swift in Sources */,
				ADF027D72A5D91A2005B7B89 /* BackgroundScene.swift in Sources */,
				7D3435D22A5F15D800D11708 /* LiveActivityModel.swift in Sources */,
				ADCBEBB32A5F3BBB00DDC27D /* Shake.swift in Sources */,
				ADC9912C2A65096D00422D32 /* DriveSimulatorDelegate.swift in Sources */,
				BEB018582A70B49100C34A16 /* MotionHandler.swift in Sources */,
				AD742F862A5CFF1A00AD6226 /* DrivePalWidgetExtension.intentdefinition in Sources */,
				AD1D49E02A684EF900C485FA /* NavigationUtil.swift in Sources */,
				ADCBEBAD2A5F266900DDC27D /* DrivingPalView.swift in Sources */,
				BE129AF52A6F52CA006561DD /* PlaneView.swift in Sources */,
				ADC991292A65093B00422D32 /* DriveSimulator.swift in Sources */,
			);
			runOnlyForDeploymentPostprocessing = 0;
		};
		AD742F702A5CFF1800AD6226 /* Sources */ = {
			isa = PBXSourcesBuildPhase;
			buildActionMask = 2147483647;
			files = (
				7DB9AEAA2A6C2B4B0099F54A /* LinearProgressView.swift in Sources */,
				7DB9AEA62A6C2B150099F54A /* AfterFourWarningsView.swift in Sources */,
				7DB9AEA82A6C2B320099F54A /* CircularProgressView.swift in Sources */,
				7DB9AEB12A6D13E90099F54A /* UIScreen+Extensions.swift in Sources */,
				7D3435CE2A5F0C6B00D11708 /* DriveAttributes.swift in Sources */,
				7DB9AE8E2A6768260099F54A /* Color+Extension.swift in Sources */,
				7DB9AEB02A6C2B920099F54A /* SuddenStopView.swift in Sources */,
				7DB9AEAC2A6C2B620099F54A /* NormalDrivingView.swift in Sources */,
				AD742F802A5CFF1800AD6226 /* DrivePalWidgetExtension.swift in Sources */,
				AD742F852A5CFF1A00AD6226 /* DrivePalWidgetExtension.intentdefinition in Sources */,
				ADC9912D2A65096D00422D32 /* DriveSimulatorDelegate.swift in Sources */,
				AD742F7C2A5CFF1800AD6226 /* DrivePalWidgetExtensionBundle.swift in Sources */,
				AD742F7E2A5CFF1800AD6226 /* DrivePalWidgetExtensionLiveActivity.swift in Sources */,
				7DB9AEAE2A6C2B7D0099F54A /* SuddenAccelerationView.swift in Sources */,
			);
			runOnlyForDeploymentPostprocessing = 0;
		};
/* End PBXSourcesBuildPhase section */

/* Begin PBXTargetDependency section */
		AD742F882A5CFF1A00AD6226 /* PBXTargetDependency */ = {
			isa = PBXTargetDependency;
			target = AD742F732A5CFF1800AD6226 /* DrivePalWidgetExtension */;
			targetProxy = AD742F872A5CFF1A00AD6226 /* PBXContainerItemProxy */;
		};
/* End PBXTargetDependency section */

/* Begin XCBuildConfiguration section */
		AD742F682A5CF62100AD6226 /* Debug */ = {
			isa = XCBuildConfiguration;
			buildSettings = {
				ALWAYS_SEARCH_USER_PATHS = NO;
				CLANG_ANALYZER_NONNULL = YES;
				CLANG_ANALYZER_NUMBER_OBJECT_CONVERSION = YES_AGGRESSIVE;
				CLANG_CXX_LANGUAGE_STANDARD = "gnu++20";
				CLANG_ENABLE_MODULES = YES;
				CLANG_ENABLE_OBJC_ARC = YES;
				CLANG_ENABLE_OBJC_WEAK = YES;
				CLANG_WARN_BLOCK_CAPTURE_AUTORELEASING = YES;
				CLANG_WARN_BOOL_CONVERSION = YES;
				CLANG_WARN_COMMA = YES;
				CLANG_WARN_CONSTANT_CONVERSION = YES;
				CLANG_WARN_DEPRECATED_OBJC_IMPLEMENTATIONS = YES;
				CLANG_WARN_DIRECT_OBJC_ISA_USAGE = YES_ERROR;
				CLANG_WARN_DOCUMENTATION_COMMENTS = YES;
				CLANG_WARN_EMPTY_BODY = YES;
				CLANG_WARN_ENUM_CONVERSION = YES;
				CLANG_WARN_INFINITE_RECURSION = YES;
				CLANG_WARN_INT_CONVERSION = YES;
				CLANG_WARN_NON_LITERAL_NULL_CONVERSION = YES;
				CLANG_WARN_OBJC_IMPLICIT_RETAIN_SELF = YES;
				CLANG_WARN_OBJC_LITERAL_CONVERSION = YES;
				CLANG_WARN_OBJC_ROOT_CLASS = YES_ERROR;
				CLANG_WARN_QUOTED_INCLUDE_IN_FRAMEWORK_HEADER = YES;
				CLANG_WARN_RANGE_LOOP_ANALYSIS = YES;
				CLANG_WARN_STRICT_PROTOTYPES = YES;
				CLANG_WARN_SUSPICIOUS_MOVE = YES;
				CLANG_WARN_UNGUARDED_AVAILABILITY = YES_AGGRESSIVE;
				CLANG_WARN_UNREACHABLE_CODE = YES;
				CLANG_WARN__DUPLICATE_METHOD_MATCH = YES;
				COPY_PHASE_STRIP = NO;
				DEBUG_INFORMATION_FORMAT = dwarf;
				ENABLE_STRICT_OBJC_MSGSEND = YES;
				ENABLE_TESTABILITY = YES;
				GCC_C_LANGUAGE_STANDARD = gnu11;
				GCC_DYNAMIC_NO_PIC = NO;
				GCC_NO_COMMON_BLOCKS = YES;
				GCC_OPTIMIZATION_LEVEL = 0;
				GCC_PREPROCESSOR_DEFINITIONS = (
					"DEBUG=1",
					"$(inherited)",
				);
				GCC_WARN_64_TO_32_BIT_CONVERSION = YES;
				GCC_WARN_ABOUT_RETURN_TYPE = YES_ERROR;
				GCC_WARN_UNDECLARED_SELECTOR = YES;
				GCC_WARN_UNINITIALIZED_AUTOS = YES_AGGRESSIVE;
				GCC_WARN_UNUSED_FUNCTION = YES;
				GCC_WARN_UNUSED_VARIABLE = YES;
				IPHONEOS_DEPLOYMENT_TARGET = 16.2;
				MTL_ENABLE_DEBUG_INFO = INCLUDE_SOURCE;
				MTL_FAST_MATH = YES;
				ONLY_ACTIVE_ARCH = YES;
				SDKROOT = iphoneos;
				SWIFT_ACTIVE_COMPILATION_CONDITIONS = DEBUG;
				SWIFT_OPTIMIZATION_LEVEL = "-Onone";
			};
			name = Debug;
		};
		AD742F692A5CF62100AD6226 /* Release */ = {
			isa = XCBuildConfiguration;
			buildSettings = {
				ALWAYS_SEARCH_USER_PATHS = NO;
				CLANG_ANALYZER_NONNULL = YES;
				CLANG_ANALYZER_NUMBER_OBJECT_CONVERSION = YES_AGGRESSIVE;
				CLANG_CXX_LANGUAGE_STANDARD = "gnu++20";
				CLANG_ENABLE_MODULES = YES;
				CLANG_ENABLE_OBJC_ARC = YES;
				CLANG_ENABLE_OBJC_WEAK = YES;
				CLANG_WARN_BLOCK_CAPTURE_AUTORELEASING = YES;
				CLANG_WARN_BOOL_CONVERSION = YES;
				CLANG_WARN_COMMA = YES;
				CLANG_WARN_CONSTANT_CONVERSION = YES;
				CLANG_WARN_DEPRECATED_OBJC_IMPLEMENTATIONS = YES;
				CLANG_WARN_DIRECT_OBJC_ISA_USAGE = YES_ERROR;
				CLANG_WARN_DOCUMENTATION_COMMENTS = YES;
				CLANG_WARN_EMPTY_BODY = YES;
				CLANG_WARN_ENUM_CONVERSION = YES;
				CLANG_WARN_INFINITE_RECURSION = YES;
				CLANG_WARN_INT_CONVERSION = YES;
				CLANG_WARN_NON_LITERAL_NULL_CONVERSION = YES;
				CLANG_WARN_OBJC_IMPLICIT_RETAIN_SELF = YES;
				CLANG_WARN_OBJC_LITERAL_CONVERSION = YES;
				CLANG_WARN_OBJC_ROOT_CLASS = YES_ERROR;
				CLANG_WARN_QUOTED_INCLUDE_IN_FRAMEWORK_HEADER = YES;
				CLANG_WARN_RANGE_LOOP_ANALYSIS = YES;
				CLANG_WARN_STRICT_PROTOTYPES = YES;
				CLANG_WARN_SUSPICIOUS_MOVE = YES;
				CLANG_WARN_UNGUARDED_AVAILABILITY = YES_AGGRESSIVE;
				CLANG_WARN_UNREACHABLE_CODE = YES;
				CLANG_WARN__DUPLICATE_METHOD_MATCH = YES;
				COPY_PHASE_STRIP = NO;
				DEBUG_INFORMATION_FORMAT = "dwarf-with-dsym";
				ENABLE_NS_ASSERTIONS = NO;
				ENABLE_STRICT_OBJC_MSGSEND = YES;
				GCC_C_LANGUAGE_STANDARD = gnu11;
				GCC_NO_COMMON_BLOCKS = YES;
				GCC_WARN_64_TO_32_BIT_CONVERSION = YES;
				GCC_WARN_ABOUT_RETURN_TYPE = YES_ERROR;
				GCC_WARN_UNDECLARED_SELECTOR = YES;
				GCC_WARN_UNINITIALIZED_AUTOS = YES_AGGRESSIVE;
				GCC_WARN_UNUSED_FUNCTION = YES;
				GCC_WARN_UNUSED_VARIABLE = YES;
				IPHONEOS_DEPLOYMENT_TARGET = 16.2;
				MTL_ENABLE_DEBUG_INFO = NO;
				MTL_FAST_MATH = YES;
				SDKROOT = iphoneos;
				SWIFT_COMPILATION_MODE = wholemodule;
				SWIFT_OPTIMIZATION_LEVEL = "-O";
				VALIDATE_PRODUCT = YES;
			};
			name = Release;
		};
		AD742F6B2A5CF62100AD6226 /* Debug */ = {
			isa = XCBuildConfiguration;
			buildSettings = {
				ALWAYS_EMBED_SWIFT_STANDARD_LIBRARIES = YES;
				ASSETCATALOG_COMPILER_APPICON_NAME = AppIcon;
				ASSETCATALOG_COMPILER_GLOBAL_ACCENT_COLOR_NAME = AccentColor;
				ASSETCATALOG_COMPILER_INCLUDE_ALL_APPICON_ASSETS = YES;
				CODE_SIGN_ENTITLEMENTS = DrivePal/DrivePal.entitlements;
				CODE_SIGN_IDENTITY = "Apple Development";
				"CODE_SIGN_IDENTITY[sdk=iphoneos*]" = "iPhone Developer";
				CODE_SIGN_STYLE = Manual;
				CURRENT_PROJECT_VERSION = 2;
				DEVELOPMENT_ASSET_PATHS = "\"DrivePal/Preview Content\"";
				DEVELOPMENT_TEAM = "";
				"DEVELOPMENT_TEAM[sdk=iphoneos*]" = D7F6ZDDCV9;
				ENABLE_PREVIEWS = YES;
				GENERATE_INFOPLIST_FILE = YES;
				INFOPLIST_FILE = DrivePal/Info.plist;
				INFOPLIST_KEY_CFBundleDisplayName = DrivePal;
				INFOPLIST_KEY_LSApplicationCategoryType = "public.app-category.utilities";
				INFOPLIST_KEY_NSLocationAlwaysAndWhenInUseUsageDescription = "Please, let me know your location when using this app";
				INFOPLIST_KEY_NSLocationWhenInUseUsageDescription = "Please, let me know your location when using this app";
				INFOPLIST_KEY_NSMotionUsageDescription = "";
				INFOPLIST_KEY_NSSupportsLiveActivities = YES;
				INFOPLIST_KEY_UIApplicationSceneManifest_Generation = YES;
				INFOPLIST_KEY_UIApplicationSupportsIndirectInputEvents = YES;
				INFOPLIST_KEY_UILaunchScreen_Generation = YES;
				INFOPLIST_KEY_UIStatusBarStyle = "";
				INFOPLIST_KEY_UISupportedInterfaceOrientations = UIInterfaceOrientationPortrait;
				LD_RUNPATH_SEARCH_PATHS = (
					"$(inherited)",
					"@executable_path/Frameworks",
				);
				MARKETING_VERSION = 0.2;
				PRODUCT_BUNDLE_IDENTIFIER = pos.academy.DrivePal;
				PRODUCT_NAME = "$(TARGET_NAME)";
				PROVISIONING_PROFILE_SPECIFIER = "";
				"PROVISIONING_PROFILE_SPECIFIER[sdk=iphoneos*]" = DevDrivePalProfile;
				SUPPORTED_PLATFORMS = "iphoneos iphonesimulator";
				SUPPORTS_MACCATALYST = NO;
				SUPPORTS_MAC_DESIGNED_FOR_IPHONE_IPAD = YES;
				SWIFT_EMIT_LOC_STRINGS = YES;
				SWIFT_VERSION = 5.0;
				TARGETED_DEVICE_FAMILY = 1;
			};
			name = Debug;
		};
		AD742F6C2A5CF62100AD6226 /* Release */ = {
			isa = XCBuildConfiguration;
			buildSettings = {
				ALWAYS_EMBED_SWIFT_STANDARD_LIBRARIES = YES;
				ASSETCATALOG_COMPILER_APPICON_NAME = AppIcon;
				ASSETCATALOG_COMPILER_GLOBAL_ACCENT_COLOR_NAME = AccentColor;
				ASSETCATALOG_COMPILER_INCLUDE_ALL_APPICON_ASSETS = YES;
				CODE_SIGN_ENTITLEMENTS = DrivePal/DrivePal.entitlements;
				CODE_SIGN_IDENTITY = "Apple Development";
				"CODE_SIGN_IDENTITY[sdk=iphoneos*]" = "iPhone Distribution";
				CODE_SIGN_STYLE = Manual;
				CURRENT_PROJECT_VERSION = 2;
				DEVELOPMENT_ASSET_PATHS = "\"DrivePal/Preview Content\"";
				DEVELOPMENT_TEAM = "";
				"DEVELOPMENT_TEAM[sdk=iphoneos*]" = D7F6ZDDCV9;
				ENABLE_PREVIEWS = YES;
				GENERATE_INFOPLIST_FILE = YES;
				INFOPLIST_FILE = DrivePal/Info.plist;
				INFOPLIST_KEY_CFBundleDisplayName = DrivePal;
				INFOPLIST_KEY_LSApplicationCategoryType = "public.app-category.utilities";
				INFOPLIST_KEY_NSLocationAlwaysAndWhenInUseUsageDescription = "Please, let me know your location when using this app";
				INFOPLIST_KEY_NSLocationWhenInUseUsageDescription = "Please, let me know your location when using this app";
				INFOPLIST_KEY_NSMotionUsageDescription = "";
				INFOPLIST_KEY_NSSupportsLiveActivities = YES;
				INFOPLIST_KEY_UIApplicationSceneManifest_Generation = YES;
				INFOPLIST_KEY_UIApplicationSupportsIndirectInputEvents = YES;
				INFOPLIST_KEY_UILaunchScreen_Generation = YES;
				INFOPLIST_KEY_UIStatusBarStyle = "";
				INFOPLIST_KEY_UISupportedInterfaceOrientations = UIInterfaceOrientationPortrait;
				LD_RUNPATH_SEARCH_PATHS = (
					"$(inherited)",
					"@executable_path/Frameworks",
				);
				MARKETING_VERSION = 0.2;
				PRODUCT_BUNDLE_IDENTIFIER = pos.academy.DrivePal;
				PRODUCT_NAME = "$(TARGET_NAME)";
				PROVISIONING_PROFILE_SPECIFIER = "";
				"PROVISIONING_PROFILE_SPECIFIER[sdk=iphoneos*]" = TestFlight_Distribution_ProvisioningProfile;
				SUPPORTED_PLATFORMS = "iphoneos iphonesimulator";
				SUPPORTS_MACCATALYST = NO;
				SUPPORTS_MAC_DESIGNED_FOR_IPHONE_IPAD = YES;
				SWIFT_EMIT_LOC_STRINGS = YES;
				SWIFT_VERSION = 5.0;
				TARGETED_DEVICE_FAMILY = 1;
			};
			name = Release;
		};
		AD742F8B2A5CFF1A00AD6226 /* Debug */ = {
			isa = XCBuildConfiguration;
			buildSettings = {
				ASSETCATALOG_COMPILER_GLOBAL_ACCENT_COLOR_NAME = AccentColor;
				ASSETCATALOG_COMPILER_WIDGET_BACKGROUND_COLOR_NAME = WidgetBackground;
				CODE_SIGN_ENTITLEMENTS = DrivePalWidgetExtension/DrivePalWidgetExtension.entitlements;
				"CODE_SIGN_IDENTITY[sdk=iphoneos*]" = "iPhone Developer";
				CODE_SIGN_STYLE = Manual;
				CURRENT_PROJECT_VERSION = 1;
				DEVELOPMENT_TEAM = "";
				"DEVELOPMENT_TEAM[sdk=iphoneos*]" = D7F6ZDDCV9;
				GENERATE_INFOPLIST_FILE = YES;
				INFOPLIST_FILE = DrivePalWidgetExtension/Info.plist;
				INFOPLIST_KEY_CFBundleDisplayName = DrivePalWidgetExtension;
				INFOPLIST_KEY_NSHumanReadableCopyright = "";
				LD_RUNPATH_SEARCH_PATHS = (
					"$(inherited)",
					"@executable_path/Frameworks",
					"@executable_path/../../Frameworks",
				);
				MARKETING_VERSION = 1.0;
				PRODUCT_BUNDLE_IDENTIFIER = pos.academy.DrivePal.DrivePalWidgetExtension;
				PRODUCT_NAME = "$(TARGET_NAME)";
				PROVISIONING_PROFILE_SPECIFIER = "";
				"PROVISIONING_PROFILE_SPECIFIER[sdk=iphoneos*]" = Dev_DrivePal_Extension_Profile;
				SKIP_INSTALL = YES;
				SWIFT_EMIT_LOC_STRINGS = YES;
				SWIFT_VERSION = 5.0;
				TARGETED_DEVICE_FAMILY = 1;
			};
			name = Debug;
		};
		AD742F8C2A5CFF1A00AD6226 /* Release */ = {
			isa = XCBuildConfiguration;
			buildSettings = {
				ASSETCATALOG_COMPILER_GLOBAL_ACCENT_COLOR_NAME = AccentColor;
				ASSETCATALOG_COMPILER_WIDGET_BACKGROUND_COLOR_NAME = WidgetBackground;
				CODE_SIGN_ENTITLEMENTS = DrivePalWidgetExtension/DrivePalWidgetExtension.entitlements;
				"CODE_SIGN_IDENTITY[sdk=iphoneos*]" = "iPhone Distribution";
				CODE_SIGN_STYLE = Manual;
				CURRENT_PROJECT_VERSION = 1;
				DEVELOPMENT_TEAM = "";
				"DEVELOPMENT_TEAM[sdk=iphoneos*]" = D7F6ZDDCV9;
				GENERATE_INFOPLIST_FILE = YES;
				INFOPLIST_FILE = DrivePalWidgetExtension/Info.plist;
				INFOPLIST_KEY_CFBundleDisplayName = DrivePalWidgetExtension;
				INFOPLIST_KEY_NSHumanReadableCopyright = "";
				LD_RUNPATH_SEARCH_PATHS = (
					"$(inherited)",
					"@executable_path/Frameworks",
					"@executable_path/../../Frameworks",
				);
				MARKETING_VERSION = 1.0;
				PRODUCT_BUNDLE_IDENTIFIER = pos.academy.DrivePal.DrivePalWidgetExtension;
				PRODUCT_NAME = "$(TARGET_NAME)";
				PROVISIONING_PROFILE_SPECIFIER = "";
				"PROVISIONING_PROFILE_SPECIFIER[sdk=iphoneos*]" = TestFlight_Distribution_Extension;
				SKIP_INSTALL = YES;
				SWIFT_EMIT_LOC_STRINGS = YES;
				SWIFT_VERSION = 5.0;
				TARGETED_DEVICE_FAMILY = 1;
			};
			name = Release;
		};
/* End XCBuildConfiguration section */

/* Begin XCConfigurationList section */
		AD742F572A5CF61F00AD6226 /* Build configuration list for PBXProject "DrivePal" */ = {
			isa = XCConfigurationList;
			buildConfigurations = (
				AD742F682A5CF62100AD6226 /* Debug */,
				AD742F692A5CF62100AD6226 /* Release */,
			);
			defaultConfigurationIsVisible = 0;
			defaultConfigurationName = Release;
		};
		AD742F6A2A5CF62100AD6226 /* Build configuration list for PBXNativeTarget "DrivePal" */ = {
			isa = XCConfigurationList;
			buildConfigurations = (
				AD742F6B2A5CF62100AD6226 /* Debug */,
				AD742F6C2A5CF62100AD6226 /* Release */,
			);
			defaultConfigurationIsVisible = 0;
			defaultConfigurationName = Release;
		};
		AD742F8D2A5CFF1A00AD6226 /* Build configuration list for PBXNativeTarget "DrivePalWidgetExtension" */ = {
			isa = XCConfigurationList;
			buildConfigurations = (
				AD742F8B2A5CFF1A00AD6226 /* Debug */,
				AD742F8C2A5CFF1A00AD6226 /* Release */,
			);
			defaultConfigurationIsVisible = 0;
			defaultConfigurationName = Release;
		};
/* End XCConfigurationList section */
	};
	rootObject = AD742F542A5CF61F00AD6226 /* Project object */;
}
