// !$*UTF8*$!
{
	archiveVersion = 1;
	classes = {
	};
	objectVersion = 56;
	objects = {

/* Begin PBXBuildFile section */
		7D3435CE2A5F0C6B00D11708 /* DriveAttributes.swift in Sources */ = {isa = PBXBuildFile; fileRef = 7D3435CC2A5F0C6B00D11708 /* DriveAttributes.swift */; };
		7D3435D22A5F15D800D11708 /* LiveActivityModel.swift in Sources */ = {isa = PBXBuildFile; fileRef = 7D3435D12A5F15D800D11708 /* LiveActivityModel.swift */; };
		7DB9AE8E2A6768260099F54A /* Color+Extension.swift in Sources */ = {isa = PBXBuildFile; fileRef = 7DB9AE8C2A6768260099F54A /* Color+Extension.swift */; };
		7DB9AEA82A6C2B320099F54A /* CircularProgressView.swift in Sources */ = {isa = PBXBuildFile; fileRef = 7DB9AEA72A6C2B320099F54A /* CircularProgressView.swift */; };
		7DB9AEAA2A6C2B4B0099F54A /* LinearProgressView.swift in Sources */ = {isa = PBXBuildFile; fileRef = 7DB9AEA92A6C2B4B0099F54A /* LinearProgressView.swift */; };
		7DB9AEB12A6D13E90099F54A /* UIScreen+Extension.swift in Sources */ = {isa = PBXBuildFile; fileRef = BE125CBD2A663AD600B7C3FB /* UIScreen+Extension.swift */; };
		7DFA55E72A73439B00822802 /* ExpandedView.swift in Sources */ = {isa = PBXBuildFile; fileRef = 7DFA55E62A73439B00822802 /* ExpandedView.swift */; };
		7DFA55E82A73EDC000822802 /* Localizable.strings in Resources */ = {isa = PBXBuildFile; fileRef = AD4EC2672A6E6DD3008A711B /* Localizable.strings */; };
		AD1D49972A66F02500C485FA /* UserDefaults+Extension.swift in Sources */ = {isa = PBXBuildFile; fileRef = AD1D49962A66F02500C485FA /* UserDefaults+Extension.swift */; };
		AD1D49D62A67CC1600C485FA /* LocationsHandler.swift in Sources */ = {isa = PBXBuildFile; fileRef = AD1D49D52A67CC1600C485FA /* LocationsHandler.swift */; };
		AD1D49D72A67CC9100C485FA /* DriveAttributes.swift in Sources */ = {isa = PBXBuildFile; fileRef = 7D3435CC2A5F0C6B00D11708 /* DriveAttributes.swift */; };
		AD1D49D92A67D22F00C485FA /* ResultChartView.swift in Sources */ = {isa = PBXBuildFile; fileRef = AD1D49D82A67D22F00C485FA /* ResultChartView.swift */; };
		AD1D49DB2A67D89000C485FA /* ResultAnalysisView.swift in Sources */ = {isa = PBXBuildFile; fileRef = AD1D49DA2A67D89000C485FA /* ResultAnalysisView.swift */; };
		AD1D49DC2A67D93100C485FA /* Color+Extension.swift in Sources */ = {isa = PBXBuildFile; fileRef = 7DB9AE8C2A6768260099F54A /* Color+Extension.swift */; };
		AD2AB3652A78ABF10025AA62 /* Font+Extension.swift in Sources */ = {isa = PBXBuildFile; fileRef = AD2AB3642A78ABF10025AA62 /* Font+Extension.swift */; };
		AD2AB3692A78AE570025AA62 /* Galmuri9.ttf in Resources */ = {isa = PBXBuildFile; fileRef = AD2AB3672A78AE570025AA62 /* Galmuri9.ttf */; };
		AD2AB36A2A78AE570025AA62 /* PressStart2P-Regular.ttf in Resources */ = {isa = PBXBuildFile; fileRef = AD2AB3682A78AE570025AA62 /* PressStart2P-Regular.ttf */; };
		AD448A8C2A66AB1900585590 /* Bundle+Extension.swift in Sources */ = {isa = PBXBuildFile; fileRef = AD448A8B2A66AB1900585590 /* Bundle+Extension.swift */; };
		AD4EC2652A6E6DD3008A711B /* Localizable.strings in Resources */ = {isa = PBXBuildFile; fileRef = AD4EC2672A6E6DD3008A711B /* Localizable.strings */; };
		AD4EC2772A6FFFF0008A711B /* I18N.swift in Sources */ = {isa = PBXBuildFile; fileRef = AD4EC2762A6FFFF0008A711B /* I18N.swift */; };
		AD4EC2792A700BE2008A711B /* String+Extension.swift in Sources */ = {isa = PBXBuildFile; fileRef = AD4EC2782A700BE2008A711B /* String+Extension.swift */; };
		AD4EC27A2A7023EE008A711B /* I18N.swift in Sources */ = {isa = PBXBuildFile; fileRef = AD4EC2762A6FFFF0008A711B /* I18N.swift */; };
		AD4EC27B2A7025CB008A711B /* String+Extension.swift in Sources */ = {isa = PBXBuildFile; fileRef = AD4EC2782A700BE2008A711B /* String+Extension.swift */; };
		AD742F602A5CF61F00AD6226 /* DrivePalApp.swift in Sources */ = {isa = PBXBuildFile; fileRef = AD742F5F2A5CF61F00AD6226 /* DrivePalApp.swift */; };
		AD742F642A5CF62100AD6226 /* Assets.xcassets in Resources */ = {isa = PBXBuildFile; fileRef = AD742F632A5CF62100AD6226 /* Assets.xcassets */; };
		AD742F6F2A5CF7EE00AD6226 /* .swiftlint.yml in Resources */ = {isa = PBXBuildFile; fileRef = AD742F6E2A5CF7EE00AD6226 /* .swiftlint.yml */; };
		AD742F772A5CFF1800AD6226 /* WidgetKit.framework in Frameworks */ = {isa = PBXBuildFile; fileRef = AD742F762A5CFF1800AD6226 /* WidgetKit.framework */; };
		AD742F792A5CFF1800AD6226 /* SwiftUI.framework in Frameworks */ = {isa = PBXBuildFile; fileRef = AD742F782A5CFF1800AD6226 /* SwiftUI.framework */; };
		AD742F7C2A5CFF1800AD6226 /* DrivePalWidgetExtensionBundle.swift in Sources */ = {isa = PBXBuildFile; fileRef = AD742F7B2A5CFF1800AD6226 /* DrivePalWidgetExtensionBundle.swift */; };
		AD742F7E2A5CFF1800AD6226 /* DrivePalWidgetExtensionLiveActivity.swift in Sources */ = {isa = PBXBuildFile; fileRef = AD742F7D2A5CFF1800AD6226 /* DrivePalWidgetExtensionLiveActivity.swift */; };
		AD742F802A5CFF1800AD6226 /* DrivePalWidgetExtension.swift in Sources */ = {isa = PBXBuildFile; fileRef = AD742F7F2A5CFF1800AD6226 /* DrivePalWidgetExtension.swift */; };
		AD742F832A5CFF1A00AD6226 /* Assets.xcassets in Resources */ = {isa = PBXBuildFile; fileRef = AD742F822A5CFF1A00AD6226 /* Assets.xcassets */; };
		AD742F852A5CFF1A00AD6226 /* DrivePalWidgetExtension.intentdefinition in Sources */ = {isa = PBXBuildFile; fileRef = AD742F812A5CFF1800AD6226 /* DrivePalWidgetExtension.intentdefinition */; };
		AD742F862A5CFF1A00AD6226 /* DrivePalWidgetExtension.intentdefinition in Sources */ = {isa = PBXBuildFile; fileRef = AD742F812A5CFF1800AD6226 /* DrivePalWidgetExtension.intentdefinition */; };
		AD742F892A5CFF1A00AD6226 /* DrivePalWidgetExtension.appex in Embed Foundation Extensions */ = {isa = PBXBuildFile; fileRef = AD742F742A5CFF1800AD6226 /* DrivePalWidgetExtension.appex */; settings = {ATTRIBUTES = (RemoveHeadersOnCopy, ); }; };
		ADC991292A65093B00422D32 /* DriveSimulator.swift in Sources */ = {isa = PBXBuildFile; fileRef = ADC991282A65093B00422D32 /* DriveSimulator.swift */; };
		ADC9912C2A65096D00422D32 /* DriveSimulatorDelegate.swift in Sources */ = {isa = PBXBuildFile; fileRef = ADC9912B2A65096D00422D32 /* DriveSimulatorDelegate.swift */; };
		ADC9912D2A65096D00422D32 /* DriveSimulatorDelegate.swift in Sources */ = {isa = PBXBuildFile; fileRef = ADC9912B2A65096D00422D32 /* DriveSimulatorDelegate.swift */; };
		ADCBEBAD2A5F266900DDC27D /* DrivingPalView.swift in Sources */ = {isa = PBXBuildFile; fileRef = ADCBEBAC2A5F266900DDC27D /* DrivingPalView.swift */; };
		ADD010592A757C54002E92CD /* ResultDataBoxView.swift in Sources */ = {isa = PBXBuildFile; fileRef = ADD010582A757C54002E92CD /* ResultDataBoxView.swift */; };
		ADD0105C2A7608D2002E92CD /* ResultTabView.swift in Sources */ = {isa = PBXBuildFile; fileRef = ADD0105B2A7608D2002E92CD /* ResultTabView.swift */; };
		ADD010682A789BC4002E92CD /* View+Extension.swift in Sources */ = {isa = PBXBuildFile; fileRef = ADD010672A789BC4002E92CD /* View+Extension.swift */; };
		ADE013972A70BBC3008E696D /* MotionStatus.swift in Sources */ = {isa = PBXBuildFile; fileRef = ADE013962A70BBC3008E696D /* MotionStatus.swift */; };
		ADE013982A70C778008E696D /* MotionStatus.swift in Sources */ = {isa = PBXBuildFile; fileRef = ADE013962A70BBC3008E696D /* MotionStatus.swift */; };
		ADF027D72A5D91A2005B7B89 /* BackgroundScene.swift in Sources */ = {isa = PBXBuildFile; fileRef = ADF027D62A5D91A2005B7B89 /* BackgroundScene.swift */; };
		BE125CBC2A662AE900B7C3FB /* VelocityView.swift in Sources */ = {isa = PBXBuildFile; fileRef = BE125CBB2A662AE900B7C3FB /* VelocityView.swift */; };
		BE125CBE2A663AD600B7C3FB /* UIScreen+Extension.swift in Sources */ = {isa = PBXBuildFile; fileRef = BE125CBD2A663AD600B7C3FB /* UIScreen+Extension.swift */; };
		BE129AF52A6F52CA006561DD /* PlaneView.swift in Sources */ = {isa = PBXBuildFile; fileRef = BE129AF42A6F52CA006561DD /* PlaneView.swift */; };
		BE1F43A42A6FFA53008F9CF4 /* DrivingStartView.swift in Sources */ = {isa = PBXBuildFile; fileRef = BE1F43A32A6FFA53008F9CF4 /* DrivingStartView.swift */; };
		BE88BFF12A7764F100D40B58 /* DynamicInformView.swift in Sources */ = {isa = PBXBuildFile; fileRef = BE88BFF02A7764F100D40B58 /* DynamicInformView.swift */; };
		BEB018552A700BEF00C34A16 /* ConvertibleBackgroundView.swift in Sources */ = {isa = PBXBuildFile; fileRef = BEB018542A700BEF00C34A16 /* ConvertibleBackgroundView.swift */; };
		BEB018582A70B49100C34A16 /* MotionHandler.swift in Sources */ = {isa = PBXBuildFile; fileRef = BEB018572A70B49100C34A16 /* MotionHandler.swift */; };
		BEF7869E2A7212B1006B438C /* ExitButton.swift in Sources */ = {isa = PBXBuildFile; fileRef = BEF7869D2A7212B1006B438C /* ExitButton.swift */; };
/* End PBXBuildFile section */

/* Begin PBXContainerItemProxy section */
		AD742F872A5CFF1A00AD6226 /* PBXContainerItemProxy */ = {
			isa = PBXContainerItemProxy;
			containerPortal = AD742F542A5CF61F00AD6226 /* Project object */;
			proxyType = 1;
			remoteGlobalIDString = AD742F732A5CFF1800AD6226;
			remoteInfo = DrivePalWidgetExtensionExtension;
		};
/* End PBXContainerItemProxy section */

/* Begin PBXCopyFilesBuildPhase section */
		AD742F8A2A5CFF1A00AD6226 /* Embed Foundation Extensions */ = {
			isa = PBXCopyFilesBuildPhase;
			buildActionMask = 2147483647;
			dstPath = "";
			dstSubfolderSpec = 13;
			files = (
				AD742F892A5CFF1A00AD6226 /* DrivePalWidgetExtension.appex in Embed Foundation Extensions */,
			);
			name = "Embed Foundation Extensions";
			runOnlyForDeploymentPostprocessing = 0;
		};
/* End PBXCopyFilesBuildPhase section */

/* Begin PBXFileReference section */
		7D3435CC2A5F0C6B00D11708 /* DriveAttributes.swift */ = {isa = PBXFileReference; lastKnownFileType = sourcecode.swift; path = DriveAttributes.swift; sourceTree = "<group>"; };
		7D3435D12A5F15D800D11708 /* LiveActivityModel.swift */ = {isa = PBXFileReference; lastKnownFileType = sourcecode.swift; path = LiveActivityModel.swift; sourceTree = "<group>"; };
		7DB9AE8C2A6768260099F54A /* Color+Extension.swift */ = {isa = PBXFileReference; lastKnownFileType = sourcecode.swift; path = "Color+Extension.swift"; sourceTree = "<group>"; };
		7DB9AEA72A6C2B320099F54A /* CircularProgressView.swift */ = {isa = PBXFileReference; lastKnownFileType = sourcecode.swift; path = CircularProgressView.swift; sourceTree = "<group>"; };
		7DB9AEA92A6C2B4B0099F54A /* LinearProgressView.swift */ = {isa = PBXFileReference; lastKnownFileType = sourcecode.swift; path = LinearProgressView.swift; sourceTree = "<group>"; };
		7DFA55E62A73439B00822802 /* ExpandedView.swift */ = {isa = PBXFileReference; lastKnownFileType = sourcecode.swift; path = ExpandedView.swift; sourceTree = "<group>"; };
		AD1D49962A66F02500C485FA /* UserDefaults+Extension.swift */ = {isa = PBXFileReference; fileEncoding = 4; lastKnownFileType = sourcecode.swift; path = "UserDefaults+Extension.swift"; sourceTree = "<group>"; };
		AD1D49D52A67CC1600C485FA /* LocationsHandler.swift */ = {isa = PBXFileReference; fileEncoding = 4; lastKnownFileType = sourcecode.swift; path = LocationsHandler.swift; sourceTree = "<group>"; };
		AD1D49D82A67D22F00C485FA /* ResultChartView.swift */ = {isa = PBXFileReference; lastKnownFileType = sourcecode.swift; path = ResultChartView.swift; sourceTree = "<group>"; };
		AD1D49DA2A67D89000C485FA /* ResultAnalysisView.swift */ = {isa = PBXFileReference; lastKnownFileType = sourcecode.swift; path = ResultAnalysisView.swift; sourceTree = "<group>"; };
		AD2AB3642A78ABF10025AA62 /* Font+Extension.swift */ = {isa = PBXFileReference; lastKnownFileType = sourcecode.swift; path = "Font+Extension.swift"; sourceTree = "<group>"; };
		AD2AB3672A78AE570025AA62 /* Galmuri9.ttf */ = {isa = PBXFileReference; lastKnownFileType = file; path = Galmuri9.ttf; sourceTree = "<group>"; };
		AD2AB3682A78AE570025AA62 /* PressStart2P-Regular.ttf */ = {isa = PBXFileReference; lastKnownFileType = file; path = "PressStart2P-Regular.ttf"; sourceTree = "<group>"; };
		AD448A8B2A66AB1900585590 /* Bundle+Extension.swift */ = {isa = PBXFileReference; lastKnownFileType = sourcecode.swift; path = "Bundle+Extension.swift"; sourceTree = "<group>"; };
		AD4EC2662A6E6DD3008A711B /* en */ = {isa = PBXFileReference; lastKnownFileType = text.plist.strings; name = en; path = en.lproj/Localizable.strings; sourceTree = "<group>"; };
		AD4EC2682A6E6DF6008A711B /* ko */ = {isa = PBXFileReference; lastKnownFileType = text.plist.strings; name = ko; path = ko.lproj/Localizable.strings; sourceTree = "<group>"; };
		AD4EC2762A6FFFF0008A711B /* I18N.swift */ = {isa = PBXFileReference; lastKnownFileType = sourcecode.swift; path = I18N.swift; sourceTree = "<group>"; };
		AD4EC2782A700BE2008A711B /* String+Extension.swift */ = {isa = PBXFileReference; lastKnownFileType = sourcecode.swift; path = "String+Extension.swift"; sourceTree = "<group>"; };
		AD742F5C2A5CF61F00AD6226 /* DrivePal.app */ = {isa = PBXFileReference; explicitFileType = wrapper.application; includeInIndex = 0; path = DrivePal.app; sourceTree = BUILT_PRODUCTS_DIR; };
		AD742F5F2A5CF61F00AD6226 /* DrivePalApp.swift */ = {isa = PBXFileReference; lastKnownFileType = sourcecode.swift; path = DrivePalApp.swift; sourceTree = "<group>"; };
		AD742F632A5CF62100AD6226 /* Assets.xcassets */ = {isa = PBXFileReference; lastKnownFileType = folder.assetcatalog; path = Assets.xcassets; sourceTree = "<group>"; };
		AD742F6E2A5CF7EE00AD6226 /* .swiftlint.yml */ = {isa = PBXFileReference; lastKnownFileType = text.yaml; path = .swiftlint.yml; sourceTree = "<group>"; };
		AD742F742A5CFF1800AD6226 /* DrivePalWidgetExtension.appex */ = {isa = PBXFileReference; explicitFileType = "wrapper.app-extension"; includeInIndex = 0; path = DrivePalWidgetExtension.appex; sourceTree = BUILT_PRODUCTS_DIR; };
		AD742F762A5CFF1800AD6226 /* WidgetKit.framework */ = {isa = PBXFileReference; lastKnownFileType = wrapper.framework; name = WidgetKit.framework; path = System/Library/Frameworks/WidgetKit.framework; sourceTree = SDKROOT; };
		AD742F782A5CFF1800AD6226 /* SwiftUI.framework */ = {isa = PBXFileReference; lastKnownFileType = wrapper.framework; name = SwiftUI.framework; path = System/Library/Frameworks/SwiftUI.framework; sourceTree = SDKROOT; };
		AD742F7B2A5CFF1800AD6226 /* DrivePalWidgetExtensionBundle.swift */ = {isa = PBXFileReference; lastKnownFileType = sourcecode.swift; path = DrivePalWidgetExtensionBundle.swift; sourceTree = "<group>"; };
		AD742F7D2A5CFF1800AD6226 /* DrivePalWidgetExtensionLiveActivity.swift */ = {isa = PBXFileReference; lastKnownFileType = sourcecode.swift; path = DrivePalWidgetExtensionLiveActivity.swift; sourceTree = "<group>"; };
		AD742F7F2A5CFF1800AD6226 /* DrivePalWidgetExtension.swift */ = {isa = PBXFileReference; lastKnownFileType = sourcecode.swift; path = DrivePalWidgetExtension.swift; sourceTree = "<group>"; };
		AD742F812A5CFF1800AD6226 /* DrivePalWidgetExtension.intentdefinition */ = {isa = PBXFileReference; lastKnownFileType = file.intentdefinition; path = DrivePalWidgetExtension.intentdefinition; sourceTree = "<group>"; };
		AD742F822A5CFF1A00AD6226 /* Assets.xcassets */ = {isa = PBXFileReference; lastKnownFileType = folder.assetcatalog; path = Assets.xcassets; sourceTree = "<group>"; };
		AD742F842A5CFF1A00AD6226 /* Info.plist */ = {isa = PBXFileReference; lastKnownFileType = text.plist.xml; path = Info.plist; sourceTree = "<group>"; };
		ADC991282A65093B00422D32 /* DriveSimulator.swift */ = {isa = PBXFileReference; lastKnownFileType = sourcecode.swift; path = DriveSimulator.swift; sourceTree = "<group>"; };
		ADC9912B2A65096D00422D32 /* DriveSimulatorDelegate.swift */ = {isa = PBXFileReference; lastKnownFileType = sourcecode.swift; path = DriveSimulatorDelegate.swift; sourceTree = "<group>"; };
		ADCBEBAC2A5F266900DDC27D /* DrivingPalView.swift */ = {isa = PBXFileReference; lastKnownFileType = sourcecode.swift; path = DrivingPalView.swift; sourceTree = "<group>"; };
		ADD010582A757C54002E92CD /* ResultDataBoxView.swift */ = {isa = PBXFileReference; lastKnownFileType = sourcecode.swift; path = ResultDataBoxView.swift; sourceTree = "<group>"; };
		ADD0105B2A7608D2002E92CD /* ResultTabView.swift */ = {isa = PBXFileReference; lastKnownFileType = sourcecode.swift; path = ResultTabView.swift; sourceTree = "<group>"; };
		ADD010672A789BC4002E92CD /* View+Extension.swift */ = {isa = PBXFileReference; lastKnownFileType = sourcecode.swift; path = "View+Extension.swift"; sourceTree = "<group>"; };
		ADE013962A70BBC3008E696D /* MotionStatus.swift */ = {isa = PBXFileReference; lastKnownFileType = sourcecode.swift; path = MotionStatus.swift; sourceTree = "<group>"; };
		ADF027D62A5D91A2005B7B89 /* BackgroundScene.swift */ = {isa = PBXFileReference; lastKnownFileType = sourcecode.swift; path = BackgroundScene.swift; sourceTree = "<group>"; };
		BE125CBB2A662AE900B7C3FB /* VelocityView.swift */ = {isa = PBXFileReference; lastKnownFileType = sourcecode.swift; path = VelocityView.swift; sourceTree = "<group>"; };
		BE125CBD2A663AD600B7C3FB /* UIScreen+Extension.swift */ = {isa = PBXFileReference; lastKnownFileType = sourcecode.swift; path = "UIScreen+Extension.swift"; sourceTree = "<group>"; };
		BE129AF42A6F52CA006561DD /* PlaneView.swift */ = {isa = PBXFileReference; lastKnownFileType = sourcecode.swift; path = PlaneView.swift; sourceTree = "<group>"; };
		BE1F43A32A6FFA53008F9CF4 /* DrivingStartView.swift */ = {isa = PBXFileReference; lastKnownFileType = sourcecode.swift; path = DrivingStartView.swift; sourceTree = "<group>"; };
		BE3BC2202A5E347D00CF60ED /* DrivePal.entitlements */ = {isa = PBXFileReference; fileEncoding = 4; lastKnownFileType = text.plist.entitlements; path = DrivePal.entitlements; sourceTree = "<group>"; };
		BE88BFF02A7764F100D40B58 /* DynamicInformView.swift */ = {isa = PBXFileReference; lastKnownFileType = sourcecode.swift; path = DynamicInformView.swift; sourceTree = "<group>"; };
		BE9294472A6172A100368B78 /* Info.plist */ = {isa = PBXFileReference; lastKnownFileType = text.plist.xml; path = Info.plist; sourceTree = "<group>"; };
		BE9294482A61731400368B78 /* DrivePalWidgetExtension.entitlements */ = {isa = PBXFileReference; lastKnownFileType = text.plist.entitlements; path = DrivePalWidgetExtension.entitlements; sourceTree = "<group>"; };
		BEB018542A700BEF00C34A16 /* ConvertibleBackgroundView.swift */ = {isa = PBXFileReference; lastKnownFileType = sourcecode.swift; path = ConvertibleBackgroundView.swift; sourceTree = "<group>"; };
		BEB018572A70B49100C34A16 /* MotionHandler.swift */ = {isa = PBXFileReference; lastKnownFileType = sourcecode.swift; path = MotionHandler.swift; sourceTree = "<group>"; };
		BEF7869D2A7212B1006B438C /* ExitButton.swift */ = {isa = PBXFileReference; lastKnownFileType = sourcecode.swift; path = ExitButton.swift; sourceTree = "<group>"; };
/* End PBXFileReference section */

/* Begin PBXFrameworksBuildPhase section */
		AD742F592A5CF61F00AD6226 /* Frameworks */ = {
			isa = PBXFrameworksBuildPhase;
			buildActionMask = 2147483647;
			files = (
			);
			runOnlyForDeploymentPostprocessing = 0;
		};
		AD742F712A5CFF1800AD6226 /* Frameworks */ = {
			isa = PBXFrameworksBuildPhase;
			buildActionMask = 2147483647;
			files = (
				AD742F792A5CFF1800AD6226 /* SwiftUI.framework in Frameworks */,
				AD742F772A5CFF1800AD6226 /* WidgetKit.framework in Frameworks */,
			);
			runOnlyForDeploymentPostprocessing = 0;
		};
/* End PBXFrameworksBuildPhase section */

/* Begin PBXGroup section */
		7DB9AEA42A6C2A540099F54A /* View */ = {
			isa = PBXGroup;
			children = (
				7DB9AEA72A6C2B320099F54A /* CircularProgressView.swift */,
				7DB9AEA92A6C2B4B0099F54A /* LinearProgressView.swift */,
				7DFA55E62A73439B00822802 /* ExpandedView.swift */,
			);
			path = View;
			sourceTree = "<group>";
		};
		AD03717B2A628C2D00D3E051 /* Utils */ = {
			isa = PBXGroup;
			children = (
				ADE013962A70BBC3008E696D /* MotionStatus.swift */,
				AD4EC2762A6FFFF0008A711B /* I18N.swift */,
				AD03717C2A628C3400D3E051 /* Extensions */,
			);
			path = Utils;
			sourceTree = "<group>";
		};
		AD03717C2A628C3400D3E051 /* Extensions */ = {
			isa = PBXGroup;
			children = (
				BE125CBD2A663AD600B7C3FB /* UIScreen+Extension.swift */,
				7DB9AE8C2A6768260099F54A /* Color+Extension.swift */,
				AD448A8B2A66AB1900585590 /* Bundle+Extension.swift */,
				AD1D49962A66F02500C485FA /* UserDefaults+Extension.swift */,
				AD4EC2782A700BE2008A711B /* String+Extension.swift */,
				ADD010672A789BC4002E92CD /* View+Extension.swift */,
				AD2AB3642A78ABF10025AA62 /* Font+Extension.swift */,
			);
			path = Extensions;
			sourceTree = "<group>";
		};
		AD2AB3662A78AE4A0025AA62 /* Fonts */ = {
			isa = PBXGroup;
			children = (
				AD2AB3672A78AE570025AA62 /* Galmuri9.ttf */,
				AD2AB3682A78AE570025AA62 /* PressStart2P-Regular.ttf */,
			);
			path = Fonts;
			sourceTree = "<group>";
		};
		AD4EC25F2A6E6D50008A711B /* Resources */ = {
			isa = PBXGroup;
			children = (
				AD2AB3662A78AE4A0025AA62 /* Fonts */,
				AD742F632A5CF62100AD6226 /* Assets.xcassets */,
				BE9294472A6172A100368B78 /* Info.plist */,
				AD4EC2602A6E6D73008A711B /* Localization */,
			);
			path = Resources;
			sourceTree = "<group>";
		};
		AD4EC2602A6E6D73008A711B /* Localization */ = {
			isa = PBXGroup;
			children = (
				AD4EC2672A6E6DD3008A711B /* Localizable.strings */,
			);
			path = Localization;
			sourceTree = "<group>";
		};
		AD4EC2692A6E6F34008A711B /* Sources */ = {
			isa = PBXGroup;
			children = (
				AD742F5F2A5CF61F00AD6226 /* DrivePalApp.swift */,
				ADF027D22A5D9171005B7B89 /* View */,
				AD03717B2A628C2D00D3E051 /* Utils */,
				AD718E4B2A651DF500BEF5C0 /* Model */,
			);
			path = Sources;
			sourceTree = "<group>";
		};
		AD718E4B2A651DF500BEF5C0 /* Model */ = {
			isa = PBXGroup;
			children = (
				BEB018562A70B48700C34A16 /* Motion */,
				AD718E4D2A651E3C00BEF5C0 /* Location */,
				AD718E4C2A651E2300BEF5C0 /* LiveActivity */,
			);
			path = Model;
			sourceTree = "<group>";
		};
		AD718E4C2A651E2300BEF5C0 /* LiveActivity */ = {
			isa = PBXGroup;
			children = (
				7D3435CC2A5F0C6B00D11708 /* DriveAttributes.swift */,
				7D3435D12A5F15D800D11708 /* LiveActivityModel.swift */,
				ADC991282A65093B00422D32 /* DriveSimulator.swift */,
				ADC9912B2A65096D00422D32 /* DriveSimulatorDelegate.swift */,
			);
			path = LiveActivity;
			sourceTree = "<group>";
		};
		AD718E4D2A651E3C00BEF5C0 /* Location */ = {
			isa = PBXGroup;
			children = (
				AD1D49D52A67CC1600C485FA /* LocationsHandler.swift */,
			);
			path = Location;
			sourceTree = "<group>";
		};
		AD742F532A5CF61F00AD6226 = {
			isa = PBXGroup;
			children = (
				AD742F6E2A5CF7EE00AD6226 /* .swiftlint.yml */,
				AD742F5E2A5CF61F00AD6226 /* DrivePal */,
				AD742F7A2A5CFF1800AD6226 /* DrivePalWidgetExtension */,
				AD742F752A5CFF1800AD6226 /* Frameworks */,
				AD742F5D2A5CF61F00AD6226 /* Products */,
			);
			sourceTree = "<group>";
		};
		AD742F5D2A5CF61F00AD6226 /* Products */ = {
			isa = PBXGroup;
			children = (
				AD742F5C2A5CF61F00AD6226 /* DrivePal.app */,
				AD742F742A5CFF1800AD6226 /* DrivePalWidgetExtension.appex */,
			);
			name = Products;
			sourceTree = "<group>";
		};
		AD742F5E2A5CF61F00AD6226 /* DrivePal */ = {
			isa = PBXGroup;
			children = (
				BE3BC2202A5E347D00CF60ED /* DrivePal.entitlements */,
				AD4EC2692A6E6F34008A711B /* Sources */,
				AD4EC25F2A6E6D50008A711B /* Resources */,
			);
			path = DrivePal;
			sourceTree = "<group>";
		};
		AD742F752A5CFF1800AD6226 /* Frameworks */ = {
			isa = PBXGroup;
			children = (
				AD742F762A5CFF1800AD6226 /* WidgetKit.framework */,
				AD742F782A5CFF1800AD6226 /* SwiftUI.framework */,
			);
			name = Frameworks;
			sourceTree = "<group>";
		};
		AD742F7A2A5CFF1800AD6226 /* DrivePalWidgetExtension */ = {
			isa = PBXGroup;
			children = (
				7DB9AEA42A6C2A540099F54A /* View */,
				BE9294482A61731400368B78 /* DrivePalWidgetExtension.entitlements */,
				AD742F7B2A5CFF1800AD6226 /* DrivePalWidgetExtensionBundle.swift */,
				AD742F7D2A5CFF1800AD6226 /* DrivePalWidgetExtensionLiveActivity.swift */,
				AD742F7F2A5CFF1800AD6226 /* DrivePalWidgetExtension.swift */,
				AD742F812A5CFF1800AD6226 /* DrivePalWidgetExtension.intentdefinition */,
				AD742F822A5CFF1A00AD6226 /* Assets.xcassets */,
				AD742F842A5CFF1A00AD6226 /* Info.plist */,
			);
			path = DrivePalWidgetExtension;
			sourceTree = "<group>";
		};
		ADD0105A2A7608BC002E92CD /* Result */ = {
			isa = PBXGroup;
			children = (
				AD1D49D82A67D22F00C485FA /* ResultChartView.swift */,
				ADD010582A757C54002E92CD /* ResultDataBoxView.swift */,
				AD1D49DA2A67D89000C485FA /* ResultAnalysisView.swift */,
				ADD0105B2A7608D2002E92CD /* ResultTabView.swift */,
			);
			path = Result;
			sourceTree = "<group>";
		};
		ADF027D22A5D9171005B7B89 /* View */ = {
			isa = PBXGroup;
			children = (
				ADD0105A2A7608BC002E92CD /* Result */,
				ADF027D32A5D9179005B7B89 /* Scene */,
				ADCBEBAC2A5F266900DDC27D /* DrivingPalView.swift */,
				BE88BFF02A7764F100D40B58 /* DynamicInformView.swift */,
				BEF7869D2A7212B1006B438C /* ExitButton.swift */,
				BEB018542A700BEF00C34A16 /* ConvertibleBackgroundView.swift */,
				BE1F43A32A6FFA53008F9CF4 /* DrivingStartView.swift */,
				BE125CBB2A662AE900B7C3FB /* VelocityView.swift */,
				BE129AF42A6F52CA006561DD /* PlaneView.swift */,
			);
			path = View;
			sourceTree = "<group>";
		};
		ADF027D32A5D9179005B7B89 /* Scene */ = {
			isa = PBXGroup;
			children = (
				ADF027D62A5D91A2005B7B89 /* BackgroundScene.swift */,
			);
			path = Scene;
			sourceTree = "<group>";
		};
		BEB018562A70B48700C34A16 /* Motion */ = {
			isa = PBXGroup;
			children = (
				BEB018572A70B49100C34A16 /* MotionHandler.swift */,
			);
			path = Motion;
			sourceTree = "<group>";
		};
/* End PBXGroup section */

/* Begin PBXNativeTarget section */
		AD742F5B2A5CF61F00AD6226 /* DrivePal */ = {
			isa = PBXNativeTarget;
			buildConfigurationList = AD742F6A2A5CF62100AD6226 /* Build configuration list for PBXNativeTarget "DrivePal" */;
			buildPhases = (
				AD742F6D2A5CF6B500AD6226 /* Swift Script */,
				AD742F582A5CF61F00AD6226 /* Sources */,
				AD742F592A5CF61F00AD6226 /* Frameworks */,
				AD742F5A2A5CF61F00AD6226 /* Resources */,
				AD742F8A2A5CFF1A00AD6226 /* Embed Foundation Extensions */,
			);
			buildRules = (
			);
			dependencies = (
				AD742F882A5CFF1A00AD6226 /* PBXTargetDependency */,
			);
			name = DrivePal;
			productName = DrivePal;
			productReference = AD742F5C2A5CF61F00AD6226 /* DrivePal.app */;
			productType = "com.apple.product-type.application";
		};
		AD742F732A5CFF1800AD6226 /* DrivePalWidgetExtension */ = {
			isa = PBXNativeTarget;
			buildConfigurationList = AD742F8D2A5CFF1A00AD6226 /* Build configuration list for PBXNativeTarget "DrivePalWidgetExtension" */;
			buildPhases = (
				AD742F702A5CFF1800AD6226 /* Sources */,
				AD742F712A5CFF1800AD6226 /* Frameworks */,
				AD742F722A5CFF1800AD6226 /* Resources */,
			);
			buildRules = (
			);
			dependencies = (
			);
			name = DrivePalWidgetExtension;
			productName = DrivePalWidgetExtensionExtension;
			productReference = AD742F742A5CFF1800AD6226 /* DrivePalWidgetExtension.appex */;
			productType = "com.apple.product-type.app-extension";
		};
/* End PBXNativeTarget section */

/* Begin PBXProject section */
		AD742F542A5CF61F00AD6226 /* Project object */ = {
			isa = PBXProject;
			attributes = {
				BuildIndependentTargetsInParallel = 1;
				LastSwiftUpdateCheck = 1420;
				LastUpgradeCheck = 1420;
				TargetAttributes = {
					AD742F5B2A5CF61F00AD6226 = {
						CreatedOnToolsVersion = 14.2;
					};
					AD742F732A5CFF1800AD6226 = {
						CreatedOnToolsVersion = 14.2;
					};
				};
			};
			buildConfigurationList = AD742F572A5CF61F00AD6226 /* Build configuration list for PBXProject "DrivePal" */;
			compatibilityVersion = "Xcode 14.0";
			developmentRegion = en;
			hasScannedForEncodings = 0;
			knownRegions = (
				en,
				Base,
				ko,
			);
			mainGroup = AD742F532A5CF61F00AD6226;
			productRefGroup = AD742F5D2A5CF61F00AD6226 /* Products */;
			projectDirPath = "";
			projectRoot = "";
			targets = (
				AD742F5B2A5CF61F00AD6226 /* DrivePal */,
				AD742F732A5CFF1800AD6226 /* DrivePalWidgetExtension */,
			);
		};
/* End PBXProject section */

/* Begin PBXResourcesBuildPhase section */
		AD742F5A2A5CF61F00AD6226 /* Resources */ = {
			isa = PBXResourcesBuildPhase;
			buildActionMask = 2147483647;
			files = (
				AD742F6F2A5CF7EE00AD6226 /* .swiftlint.yml in Resources */,
				AD2AB36A2A78AE570025AA62 /* PressStart2P-Regular.ttf in Resources */,
				AD4EC2652A6E6DD3008A711B /* Localizable.strings in Resources */,
				AD2AB3692A78AE570025AA62 /* Galmuri9.ttf in Resources */,
				AD742F642A5CF62100AD6226 /* Assets.xcassets in Resources */,
			);
			runOnlyForDeploymentPostprocessing = 0;
		};
		AD742F722A5CFF1800AD6226 /* Resources */ = {
			isa = PBXResourcesBuildPhase;
			buildActionMask = 2147483647;
			files = (
				AD742F832A5CFF1A00AD6226 /* Assets.xcassets in Resources */,
				7DFA55E82A73EDC000822802 /* Localizable.strings in Resources */,
			);
			runOnlyForDeploymentPostprocessing = 0;
		};
/* End PBXResourcesBuildPhase section */

/* Begin PBXShellScriptBuildPhase section */
		AD742F6D2A5CF6B500AD6226 /* Swift Script */ = {
			isa = PBXShellScriptBuildPhase;
			alwaysOutOfDate = 1;
			buildActionMask = 2147483647;
			files = (
			);
			inputFileListPaths = (
			);
			inputPaths = (
			);
			name = "Swift Script";
			outputFileListPaths = (
			);
			outputPaths = (
			);
			runOnlyForDeploymentPostprocessing = 0;
			shellPath = /bin/sh;
			shellScript = "if test -d \"/opt/homebrew/bin/\"; then\n  PATH=\"/opt/homebrew/bin/:${PATH}\"\nfi\n\nexport PATH\n\nif which swiftlint >/dev/null; then\n  swiftlint\nelse\n  echo \"warning: SwiftLint not installed, download from https://github.com/realm/SwiftLint\"\nfi\n";
		};
/* End PBXShellScriptBuildPhase section */

/* Begin PBXSourcesBuildPhase section */
		AD742F582A5CF61F00AD6226 /* Sources */ = {
			isa = PBXSourcesBuildPhase;
			buildActionMask = 2147483647;
			files = (
				AD1D49D62A67CC1600C485FA /* LocationsHandler.swift in Sources */,
				AD4EC2792A700BE2008A711B /* String+Extension.swift in Sources */,
				AD1D49DC2A67D93100C485FA /* Color+Extension.swift in Sources */,
				ADD010592A757C54002E92CD /* ResultDataBoxView.swift in Sources */,
				AD1D49D72A67CC9100C485FA /* DriveAttributes.swift in Sources */,
				BE125CBE2A663AD600B7C3FB /* UIScreen+Extension.swift in Sources */,
				AD1D49DB2A67D89000C485FA /* ResultAnalysisView.swift in Sources */,
				AD742F602A5CF61F00AD6226 /* DrivePalApp.swift in Sources */,
				BE125CBC2A662AE900B7C3FB /* VelocityView.swift in Sources */,
				BEB018552A700BEF00C34A16 /* ConvertibleBackgroundView.swift in Sources */,
				AD1D49972A66F02500C485FA /* UserDefaults+Extension.swift in Sources */,
				AD4EC2772A6FFFF0008A711B /* I18N.swift in Sources */,
				ADD010682A789BC4002E92CD /* View+Extension.swift in Sources */,
				AD2AB3652A78ABF10025AA62 /* Font+Extension.swift in Sources */,
				AD1D49D92A67D22F00C485FA /* ResultChartView.swift in Sources */,
				AD448A8C2A66AB1900585590 /* Bundle+Extension.swift in Sources */,
				ADF027D72A5D91A2005B7B89 /* BackgroundScene.swift in Sources */,
				7D3435D22A5F15D800D11708 /* LiveActivityModel.swift in Sources */,
				BE1F43A42A6FFA53008F9CF4 /* DrivingStartView.swift in Sources */,
				ADC9912C2A65096D00422D32 /* DriveSimulatorDelegate.swift in Sources */,
				BEF7869E2A7212B1006B438C /* ExitButton.swift in Sources */,
				BEB018582A70B49100C34A16 /* MotionHandler.swift in Sources */,
				AD742F862A5CFF1A00AD6226 /* DrivePalWidgetExtension.intentdefinition in Sources */,
				BE88BFF12A7764F100D40B58 /* DynamicInformView.swift in Sources */,
				ADCBEBAD2A5F266900DDC27D /* DrivingPalView.swift in Sources */,
				BE129AF52A6F52CA006561DD /* PlaneView.swift in Sources */,
				ADC991292A65093B00422D32 /* DriveSimulator.swift in Sources */,
				ADE013972A70BBC3008E696D /* MotionStatus.swift in Sources */,
				ADD0105C2A7608D2002E92CD /* ResultTabView.swift in Sources */,
			);
			runOnlyForDeploymentPostprocessing = 0;
		};
		AD742F702A5CFF1800AD6226 /* Sources */ = {
			isa = PBXSourcesBuildPhase;
			buildActionMask = 2147483647;
			files = (
				AD4EC27B2A7025CB008A711B /* String+Extension.swift in Sources */,
				7DB9AEAA2A6C2B4B0099F54A /* LinearProgressView.swift in Sources */,
				7DB9AEA82A6C2B320099F54A /* CircularProgressView.swift in Sources */,
				7DB9AEB12A6D13E90099F54A /* UIScreen+Extension.swift in Sources */,
				7DFA55E72A73439B00822802 /* ExpandedView.swift in Sources */,
				7D3435CE2A5F0C6B00D11708 /* DriveAttributes.swift in Sources */,
				7DB9AE8E2A6768260099F54A /* Color+Extension.swift in Sources */,
				ADE013982A70C778008E696D /* MotionStatus.swift in Sources */,
				AD742F802A5CFF1800AD6226 /* DrivePalWidgetExtension.swift in Sources */,
				AD742F852A5CFF1A00AD6226 /* DrivePalWidgetExtension.intentdefinition in Sources */,
				ADC9912D2A65096D00422D32 /* DriveSimulatorDelegate.swift in Sources */,
				AD742F7C2A5CFF1800AD6226 /* DrivePalWidgetExtensionBundle.swift in Sources */,
				AD742F7E2A5CFF1800AD6226 /* DrivePalWidgetExtensionLiveActivity.swift in Sources */,
				AD4EC27A2A7023EE008A711B /* I18N.swift in Sources */,
			);
			runOnlyForDeploymentPostprocessing = 0;
		};
/* End PBXSourcesBuildPhase section */

/* Begin PBXTargetDependency section */
		AD742F882A5CFF1A00AD6226 /* PBXTargetDependency */ = {
			isa = PBXTargetDependency;
			target = AD742F732A5CFF1800AD6226 /* DrivePalWidgetExtension */;
			targetProxy = AD742F872A5CFF1A00AD6226 /* PBXContainerItemProxy */;
		};
/* End PBXTargetDependency section */

/* Begin PBXVariantGroup section */
		AD4EC2672A6E6DD3008A711B /* Localizable.strings */ = {
			isa = PBXVariantGroup;
			children = (
				AD4EC2662A6E6DD3008A711B /* en */,
				AD4EC2682A6E6DF6008A711B /* ko */,
			);
			name = Localizable.strings;
			sourceTree = "<group>";
		};
/* End PBXVariantGroup section */

/* Begin XCBuildConfiguration section */
		AD742F682A5CF62100AD6226 /* Debug */ = {
			isa = XCBuildConfiguration;
			buildSettings = {
				ALWAYS_SEARCH_USER_PATHS = NO;
				CLANG_ANALYZER_LOCALIZABILITY_NONLOCALIZED = YES;
				CLANG_ANALYZER_NONNULL = YES;
				CLANG_ANALYZER_NUMBER_OBJECT_CONVERSION = YES_AGGRESSIVE;
				CLANG_CXX_LANGUAGE_STANDARD = "gnu++20";
				CLANG_ENABLE_MODULES = YES;
				CLANG_ENABLE_OBJC_ARC = YES;
				CLANG_ENABLE_OBJC_WEAK = YES;
				CLANG_WARN_BLOCK_CAPTURE_AUTORELEASING = YES;
				CLANG_WARN_BOOL_CONVERSION = YES;
				CLANG_WARN_COMMA = YES;
				CLANG_WARN_CONSTANT_CONVERSION = YES;
				CLANG_WARN_DEPRECATED_OBJC_IMPLEMENTATIONS = YES;
				CLANG_WARN_DIRECT_OBJC_ISA_USAGE = YES_ERROR;
				CLANG_WARN_DOCUMENTATION_COMMENTS = YES;
				CLANG_WARN_EMPTY_BODY = YES;
				CLANG_WARN_ENUM_CONVERSION = YES;
				CLANG_WARN_INFINITE_RECURSION = YES;
				CLANG_WARN_INT_CONVERSION = YES;
				CLANG_WARN_NON_LITERAL_NULL_CONVERSION = YES;
				CLANG_WARN_OBJC_IMPLICIT_RETAIN_SELF = YES;
				CLANG_WARN_OBJC_LITERAL_CONVERSION = YES;
				CLANG_WARN_OBJC_ROOT_CLASS = YES_ERROR;
				CLANG_WARN_QUOTED_INCLUDE_IN_FRAMEWORK_HEADER = YES;
				CLANG_WARN_RANGE_LOOP_ANALYSIS = YES;
				CLANG_WARN_STRICT_PROTOTYPES = YES;
				CLANG_WARN_SUSPICIOUS_MOVE = YES;
				CLANG_WARN_UNGUARDED_AVAILABILITY = YES_AGGRESSIVE;
				CLANG_WARN_UNREACHABLE_CODE = YES;
				CLANG_WARN__DUPLICATE_METHOD_MATCH = YES;
				COPY_PHASE_STRIP = NO;
				DEBUG_INFORMATION_FORMAT = dwarf;
				ENABLE_STRICT_OBJC_MSGSEND = YES;
				ENABLE_TESTABILITY = YES;
				GCC_C_LANGUAGE_STANDARD = gnu11;
				GCC_DYNAMIC_NO_PIC = NO;
				GCC_NO_COMMON_BLOCKS = YES;
				GCC_OPTIMIZATION_LEVEL = 0;
				GCC_PREPROCESSOR_DEFINITIONS = (
					"DEBUG=1",
					"$(inherited)",
				);
				GCC_WARN_64_TO_32_BIT_CONVERSION = YES;
				GCC_WARN_ABOUT_RETURN_TYPE = YES_ERROR;
				GCC_WARN_UNDECLARED_SELECTOR = YES;
				GCC_WARN_UNINITIALIZED_AUTOS = YES_AGGRESSIVE;
				GCC_WARN_UNUSED_FUNCTION = YES;
				GCC_WARN_UNUSED_VARIABLE = YES;
				IPHONEOS_DEPLOYMENT_TARGET = 16.2;
				MTL_ENABLE_DEBUG_INFO = INCLUDE_SOURCE;
				MTL_FAST_MATH = YES;
				ONLY_ACTIVE_ARCH = YES;
				SDKROOT = iphoneos;
				SWIFT_ACTIVE_COMPILATION_CONDITIONS = DEBUG;
				SWIFT_OPTIMIZATION_LEVEL = "-Onone";
			};
			name = Debug;
		};
		AD742F692A5CF62100AD6226 /* Release */ = {
			isa = XCBuildConfiguration;
			buildSettings = {
				ALWAYS_SEARCH_USER_PATHS = NO;
				CLANG_ANALYZER_LOCALIZABILITY_NONLOCALIZED = YES;
				CLANG_ANALYZER_NONNULL = YES;
				CLANG_ANALYZER_NUMBER_OBJECT_CONVERSION = YES_AGGRESSIVE;
				CLANG_CXX_LANGUAGE_STANDARD = "gnu++20";
				CLANG_ENABLE_MODULES = YES;
				CLANG_ENABLE_OBJC_ARC = YES;
				CLANG_ENABLE_OBJC_WEAK = YES;
				CLANG_WARN_BLOCK_CAPTURE_AUTORELEASING = YES;
				CLANG_WARN_BOOL_CONVERSION = YES;
				CLANG_WARN_COMMA = YES;
				CLANG_WARN_CONSTANT_CONVERSION = YES;
				CLANG_WARN_DEPRECATED_OBJC_IMPLEMENTATIONS = YES;
				CLANG_WARN_DIRECT_OBJC_ISA_USAGE = YES_ERROR;
				CLANG_WARN_DOCUMENTATION_COMMENTS = YES;
				CLANG_WARN_EMPTY_BODY = YES;
				CLANG_WARN_ENUM_CONVERSION = YES;
				CLANG_WARN_INFINITE_RECURSION = YES;
				CLANG_WARN_INT_CONVERSION = YES;
				CLANG_WARN_NON_LITERAL_NULL_CONVERSION = YES;
				CLANG_WARN_OBJC_IMPLICIT_RETAIN_SELF = YES;
				CLANG_WARN_OBJC_LITERAL_CONVERSION = YES;
				CLANG_WARN_OBJC_ROOT_CLASS = YES_ERROR;
				CLANG_WARN_QUOTED_INCLUDE_IN_FRAMEWORK_HEADER = YES;
				CLANG_WARN_RANGE_LOOP_ANALYSIS = YES;
				CLANG_WARN_STRICT_PROTOTYPES = YES;
				CLANG_WARN_SUSPICIOUS_MOVE = YES;
				CLANG_WARN_UNGUARDED_AVAILABILITY = YES_AGGRESSIVE;
				CLANG_WARN_UNREACHABLE_CODE = YES;
				CLANG_WARN__DUPLICATE_METHOD_MATCH = YES;
				COPY_PHASE_STRIP = NO;
				DEBUG_INFORMATION_FORMAT = "dwarf-with-dsym";
				ENABLE_NS_ASSERTIONS = NO;
				ENABLE_STRICT_OBJC_MSGSEND = YES;
				GCC_C_LANGUAGE_STANDARD = gnu11;
				GCC_NO_COMMON_BLOCKS = YES;
				GCC_WARN_64_TO_32_BIT_CONVERSION = YES;
				GCC_WARN_ABOUT_RETURN_TYPE = YES_ERROR;
				GCC_WARN_UNDECLARED_SELECTOR = YES;
				GCC_WARN_UNINITIALIZED_AUTOS = YES_AGGRESSIVE;
				GCC_WARN_UNUSED_FUNCTION = YES;
				GCC_WARN_UNUSED_VARIABLE = YES;
				IPHONEOS_DEPLOYMENT_TARGET = 16.2;
				MTL_ENABLE_DEBUG_INFO = NO;
				MTL_FAST_MATH = YES;
				SDKROOT = iphoneos;
				SWIFT_COMPILATION_MODE = wholemodule;
				SWIFT_OPTIMIZATION_LEVEL = "-O";
				VALIDATE_PRODUCT = YES;
			};
			name = Release;
		};
		AD742F6B2A5CF62100AD6226 /* Debug */ = {
			isa = XCBuildConfiguration;
			buildSettings = {
				ALWAYS_EMBED_SWIFT_STANDARD_LIBRARIES = YES;
				ASSETCATALOG_COMPILER_APPICON_NAME = AppIcon;
				ASSETCATALOG_COMPILER_GLOBAL_ACCENT_COLOR_NAME = AccentColor;
				ASSETCATALOG_COMPILER_INCLUDE_ALL_APPICON_ASSETS = YES;
				CODE_SIGN_ENTITLEMENTS = DrivePal/DrivePal.entitlements;
				CODE_SIGN_IDENTITY = "Apple Development";
				"CODE_SIGN_IDENTITY[sdk=iphoneos*]" = "iPhone Developer";
				CODE_SIGN_STYLE = Manual;
				CURRENT_PROJECT_VERSION = 1;
				DEVELOPMENT_ASSET_PATHS = "\"DrivePal/Preview Content\"";
				DEVELOPMENT_TEAM = "";
				"DEVELOPMENT_TEAM[sdk=iphoneos*]" = D7F6ZDDCV9;
				DrivePal_Bundle_Name = DrivePal.Debug;
				ENABLE_PREVIEWS = YES;
				GENERATE_INFOPLIST_FILE = YES;
				INFOPLIST_FILE = DrivePal/Resources/Info.plist;
				INFOPLIST_KEY_CFBundleDisplayName = "$(DrivePal_Bundle_Name)";
				INFOPLIST_KEY_LSApplicationCategoryType = "public.app-category.utilities";
				INFOPLIST_KEY_NSLocationAlwaysAndWhenInUseUsageDescription = "Please, let me know your location when using this app";
				INFOPLIST_KEY_NSLocationWhenInUseUsageDescription = "Please, let me know your location when using this app";
				INFOPLIST_KEY_NSMotionUsageDescription = "";
				INFOPLIST_KEY_NSPhotoLibraryUsageDescription = "";
				INFOPLIST_KEY_NSSupportsLiveActivities = YES;
				INFOPLIST_KEY_UIApplicationSceneManifest_Generation = YES;
				INFOPLIST_KEY_UIApplicationSupportsIndirectInputEvents = YES;
				INFOPLIST_KEY_UILaunchScreen_Generation = YES;
				INFOPLIST_KEY_UIStatusBarStyle = "";
				INFOPLIST_KEY_UISupportedInterfaceOrientations = UIInterfaceOrientationPortrait;
				LD_RUNPATH_SEARCH_PATHS = (
					"$(inherited)",
					"@executable_path/Frameworks",
				);
				MARKETING_VERSION = 0.4;
				OTHER_SWIFT_FLAGS = "-D DEBUG";
				PRODUCT_BUNDLE_IDENTIFIER = pos.academy.DrivePal;
				PRODUCT_NAME = "$(TARGET_NAME)";
				PROVISIONING_PROFILE_SPECIFIER = "";
				"PROVISIONING_PROFILE_SPECIFIER[sdk=iphoneos*]" = DevDrivePalProfile;
				SUPPORTED_PLATFORMS = "iphoneos iphonesimulator";
				SUPPORTS_MACCATALYST = NO;
				SUPPORTS_MAC_DESIGNED_FOR_IPHONE_IPAD = YES;
				SWIFT_EMIT_LOC_STRINGS = YES;
				SWIFT_VERSION = 5.0;
				TARGETED_DEVICE_FAMILY = 1;
			};
			name = Debug;
		};
		AD742F6C2A5CF62100AD6226 /* Release */ = {
			isa = XCBuildConfiguration;
			buildSettings = {
				ALWAYS_EMBED_SWIFT_STANDARD_LIBRARIES = YES;
				ASSETCATALOG_COMPILER_APPICON_NAME = AppIcon;
				ASSETCATALOG_COMPILER_GLOBAL_ACCENT_COLOR_NAME = AccentColor;
				ASSETCATALOG_COMPILER_INCLUDE_ALL_APPICON_ASSETS = YES;
				CODE_SIGN_ENTITLEMENTS = DrivePal/DrivePal.entitlements;
				CODE_SIGN_IDENTITY = "Apple Development";
				"CODE_SIGN_IDENTITY[sdk=iphoneos*]" = "iPhone Developer";
				CODE_SIGN_STYLE = Manual;
				CURRENT_PROJECT_VERSION = 1;
				DEVELOPMENT_ASSET_PATHS = "\"DrivePal/Preview Content\"";
				DEVELOPMENT_TEAM = "";
				"DEVELOPMENT_TEAM[sdk=iphoneos*]" = D7F6ZDDCV9;
				DrivePal_Bundle_Name = DrivePal.Release;
				ENABLE_PREVIEWS = YES;
				GENERATE_INFOPLIST_FILE = YES;
				INFOPLIST_FILE = DrivePal/Resources/Info.plist;
				INFOPLIST_KEY_CFBundleDisplayName = "$(DrivePal_Bundle_Name)";
				INFOPLIST_KEY_LSApplicationCategoryType = "public.app-category.utilities";
				INFOPLIST_KEY_NSLocationAlwaysAndWhenInUseUsageDescription = "Please, let me know your location when using this app";
				INFOPLIST_KEY_NSLocationWhenInUseUsageDescription = "Please, let me know your location when using this app";
				INFOPLIST_KEY_NSMotionUsageDescription = "";
				INFOPLIST_KEY_NSPhotoLibraryUsageDescription = "";
				INFOPLIST_KEY_NSSupportsLiveActivities = YES;
				INFOPLIST_KEY_UIApplicationSceneManifest_Generation = YES;
				INFOPLIST_KEY_UIApplicationSupportsIndirectInputEvents = YES;
				INFOPLIST_KEY_UILaunchScreen_Generation = YES;
				INFOPLIST_KEY_UIStatusBarStyle = "";
				INFOPLIST_KEY_UISupportedInterfaceOrientations = UIInterfaceOrientationPortrait;
				LD_RUNPATH_SEARCH_PATHS = (
					"$(inherited)",
					"@executable_path/Frameworks",
				);
				MARKETING_VERSION = 0.4;
				ONLY_ACTIVE_ARCH = YES;
				OTHER_SWIFT_FLAGS = "-D RELEASE";
				PRODUCT_BUNDLE_IDENTIFIER = pos.academy.DrivePal;
				PRODUCT_NAME = "$(TARGET_NAME)";
				PROVISIONING_PROFILE_SPECIFIER = "";
				"PROVISIONING_PROFILE_SPECIFIER[sdk=iphoneos*]" = DevDrivePalProfile;
				SUPPORTED_PLATFORMS = "iphoneos iphonesimulator";
				SUPPORTS_MACCATALYST = NO;
				SUPPORTS_MAC_DESIGNED_FOR_IPHONE_IPAD = YES;
				SWIFT_EMIT_LOC_STRINGS = YES;
				SWIFT_VERSION = 5.0;
				TARGETED_DEVICE_FAMILY = 1;
			};
			name = Release;
		};
		AD742F8B2A5CFF1A00AD6226 /* Debug */ = {
			isa = XCBuildConfiguration;
			buildSettings = {
				ASSETCATALOG_COMPILER_GLOBAL_ACCENT_COLOR_NAME = AccentColor;
				ASSETCATALOG_COMPILER_WIDGET_BACKGROUND_COLOR_NAME = WidgetBackground;
				CODE_SIGN_ENTITLEMENTS = DrivePalWidgetExtension/DrivePalWidgetExtension.entitlements;
				"CODE_SIGN_IDENTITY[sdk=iphoneos*]" = "iPhone Developer";
				CODE_SIGN_STYLE = Manual;
				CURRENT_PROJECT_VERSION = 1;
				DEVELOPMENT_TEAM = "";
				"DEVELOPMENT_TEAM[sdk=iphoneos*]" = D7F6ZDDCV9;
				GENERATE_INFOPLIST_FILE = YES;
				INFOPLIST_FILE = DrivePalWidgetExtension/Info.plist;
				INFOPLIST_KEY_CFBundleDisplayName = DrivePalWidgetExtension;
				INFOPLIST_KEY_NSHumanReadableCopyright = "";
				LD_RUNPATH_SEARCH_PATHS = (
					"$(inherited)",
					"@executable_path/Frameworks",
					"@executable_path/../../Frameworks",
				);
				MARKETING_VERSION = 0.3;
				PRODUCT_BUNDLE_IDENTIFIER = pos.academy.DrivePal.DrivePalWidgetExtension;
				PRODUCT_NAME = "$(TARGET_NAME)";
				PROVISIONING_PROFILE_SPECIFIER = "";
				"PROVISIONING_PROFILE_SPECIFIER[sdk=iphoneos*]" = Dev_DrivePal_Extension_Profile;
				SKIP_INSTALL = YES;
				SWIFT_EMIT_LOC_STRINGS = YES;
				SWIFT_VERSION = 5.0;
				TARGETED_DEVICE_FAMILY = 1;
			};
			name = Debug;
		};
		AD742F8C2A5CFF1A00AD6226 /* Release */ = {
			isa = XCBuildConfiguration;
			buildSettings = {
				ASSETCATALOG_COMPILER_GLOBAL_ACCENT_COLOR_NAME = AccentColor;
				ASSETCATALOG_COMPILER_WIDGET_BACKGROUND_COLOR_NAME = WidgetBackground;
				CODE_SIGN_ENTITLEMENTS = DrivePalWidgetExtension/DrivePalWidgetExtension.entitlements;
				"CODE_SIGN_IDENTITY[sdk=iphoneos*]" = "iPhone Developer";
				CODE_SIGN_STYLE = Manual;
				CURRENT_PROJECT_VERSION = 1;
				DEVELOPMENT_TEAM = "";
				"DEVELOPMENT_TEAM[sdk=iphoneos*]" = D7F6ZDDCV9;
				GENERATE_INFOPLIST_FILE = YES;
				INFOPLIST_FILE = DrivePalWidgetExtension/Info.plist;
				INFOPLIST_KEY_CFBundleDisplayName = DrivePalWidgetExtension;
				INFOPLIST_KEY_NSHumanReadableCopyright = "";
				LD_RUNPATH_SEARCH_PATHS = (
					"$(inherited)",
					"@executable_path/Frameworks",
					"@executable_path/../../Frameworks",
				);
				MARKETING_VERSION = 0.3;
				PRODUCT_BUNDLE_IDENTIFIER = pos.academy.DrivePal.DrivePalWidgetExtension;
				PRODUCT_NAME = "$(TARGET_NAME)";
				PROVISIONING_PROFILE_SPECIFIER = "";
				"PROVISIONING_PROFILE_SPECIFIER[sdk=iphoneos*]" = Dev_DrivePal_Extension_Profile;
				SKIP_INSTALL = YES;
				SWIFT_EMIT_LOC_STRINGS = YES;
				SWIFT_VERSION = 5.0;
				TARGETED_DEVICE_FAMILY = 1;
			};
			name = Release;
		};
/* End XCBuildConfiguration section */

/* Begin XCConfigurationList section */
		AD742F572A5CF61F00AD6226 /* Build configuration list for PBXProject "DrivePal" */ = {
			isa = XCConfigurationList;
			buildConfigurations = (
				AD742F682A5CF62100AD6226 /* Debug */,
				AD742F692A5CF62100AD6226 /* Release */,
			);
			defaultConfigurationIsVisible = 0;
			defaultConfigurationName = Release;
		};
		AD742F6A2A5CF62100AD6226 /* Build configuration list for PBXNativeTarget "DrivePal" */ = {
			isa = XCConfigurationList;
			buildConfigurations = (
				AD742F6B2A5CF62100AD6226 /* Debug */,
				AD742F6C2A5CF62100AD6226 /* Release */,
			);
			defaultConfigurationIsVisible = 0;
			defaultConfigurationName = Release;
		};
		AD742F8D2A5CFF1A00AD6226 /* Build configuration list for PBXNativeTarget "DrivePalWidgetExtension" */ = {
			isa = XCConfigurationList;
			buildConfigurations = (
				AD742F8B2A5CFF1A00AD6226 /* Debug */,
				AD742F8C2A5CFF1A00AD6226 /* Release */,
			);
			defaultConfigurationIsVisible = 0;
			defaultConfigurationName = Release;
		};
/* End XCConfigurationList section */
	};
	rootObject = AD742F542A5CF61F00AD6226 /* Project object */;
}
